PODS:
  - evtext (0.0.1):
    - Flutter
  - Flutter (1.0.0)
  - flutter_sms (1.1.0):
    - Flutter
  - FlutterPluginRegistrant (0.0.1):
    - Flutter
    - flutter_sms
    - url_launcher
  - url_launcher (0.0.1):
    - Flutter

DEPENDENCIES:
  - evtext (from `../TEAM/.ios/Flutter`)
  - Flutter (from `../TEAM/.ios/Flutter/engine`)
  - flutter_sms (from `../TEAM/.ios/.symlinks/plugins/flutter_sms/ios`)
  - FlutterPluginRegistrant (from `../TEAM/.ios/Flutter/FlutterPluginRegistrant`)
  - url_launcher (from `../TEAM/.ios/.symlinks/plugins/url_launcher/ios`)

EXTERNAL SOURCES:
  evtext:
    :path: "../TEAM/.ios/Flutter"
  Flutter:
    :path: "../TEAM/.ios/Flutter/engine"
  flutter_sms:
    :path: "../TEAM/.ios/.symlinks/plugins/flutter_sms/ios"
  FlutterPluginRegistrant:
    :path: "../TEAM/.ios/Flutter/FlutterPluginRegistrant"
  url_launcher:
    :path: "../TEAM/.ios/.symlinks/plugins/url_launcher/ios"

SPEC CHECKSUMS:
  evtext: abba7f23eb43f0f2a91b1048ee3f5a4773044b22
  Flutter: ac41d61a47ae5bf8195a5598d2d63754888ec0d5
  flutter_sms: 91ce41530f55c85d6524d82307a5d555844c086a
  FlutterPluginRegistrant: 7ecc236176a001dfdfcd39eae0677ebd18af1fb7
  url_launcher: 6fef411d543ceb26efce54b05a0a40bfd74cbbef

PODFILE CHECKSUM: aa7039754447b007c8ebd5592d15b093c30e6fce

COCOAPODS: 1.10.2
