// !$*UTF8*$!
{
	archiveVersion = 1;
	classes = {
	};
	objectVersion = 52;
	objects = {

/* Begin PBXBuildFile section */
		0FD94AAF84DCADA70D435367 /* firebase_core.xcframework in Frameworks */ = {isa = PBXBuildFile; fileRef = 184C4BFD9264F361987AB73E /* firebase_core.xcframework */; };
		109E4CE59934966F274AC848 /* FBLPromises.xcframework in Frameworks */ = {isa = PBXBuildFile; fileRef = 7CAC40E0A29F5D44C0E69E0E /* FBLPromises.xcframework */; };
		1A554EEDBFB0D49E5B2BACF6 /* FirebaseCore.xcframework in Embed Frameworks */ = {isa = PBXBuildFile; fileRef = 9F334B658B3BFC9082627B27 /* FirebaseCore.xcframework */; settings = {ATTRIBUTES = (CodeSignOnCopy, RemoveHeadersOnCopy, ); }; };
		1FDD4D9EB7DC799047D661F7 /* GoogleDataTransport.xcframework in Frameworks */ = {isa = PBXBuildFile; fileRef = 72B444769DB0F2B5F24F7B5F /* GoogleDataTransport.xcframework */; };
		25E24E6BB485DD1F5DB72940 /* grpc.xcframework in Embed Frameworks */ = {isa = PBXBuildFile; fileRef = 88A94B088BACDBDD9600E9A7 /* grpc.xcframework */; settings = {ATTRIBUTES = (CodeSignOnCopy, RemoveHeadersOnCopy, ); }; };
		34B6420CBD673D01D19E602D /* cloud_firestore.xcframework in Frameworks */ = {isa = PBXBuildFile; fileRef = 30874B6AA650915BCE6AE47E /* cloud_firestore.xcframework */; };
		4CD7461D93C541676AF6F847 /* FirebaseCoreDiagnostics.xcframework in Embed Frameworks */ = {isa = PBXBuildFile; fileRef = 5813457C9F5CE09F70A3AF38 /* FirebaseCoreDiagnostics.xcframework */; settings = {ATTRIBUTES = (CodeSignOnCopy, RemoveHeadersOnCopy, ); }; };
		4F2242D1929D61A888233FC9 /* path_provider_ios.xcframework in Embed Frameworks */ = {isa = PBXBuildFile; fileRef = B01B48AB9696042DF331B304 /* path_provider_ios.xcframework */; settings = {ATTRIBUTES = (CodeSignOnCopy, RemoveHeadersOnCopy, ); }; };
		58274CD1BBB970ECD977954D /* FirebaseAuth.xcframework in Embed Frameworks */ = {isa = PBXBuildFile; fileRef = BE5E4522B495DF838073D42F /* FirebaseAuth.xcframework */; settings = {ATTRIBUTES = (CodeSignOnCopy, RemoveHeadersOnCopy, ); }; };
		61B44EE898050B35C1D2ED62 /* GoogleUtilities.xcframework in Embed Frameworks */ = {isa = PBXBuildFile; fileRef = BE1F43219A20D34D9D52D16A /* GoogleUtilities.xcframework */; settings = {ATTRIBUTES = (CodeSignOnCopy, RemoveHeadersOnCopy, ); }; };
		68FE49948E7A64D080A3332C /* FirebaseCore.xcframework in Frameworks */ = {isa = PBXBuildFile; fileRef = 9F334B658B3BFC9082627B27 /* FirebaseCore.xcframework */; };
		6E1D4529901313729C5F0C61 /* flutter_email_sender.xcframework in Frameworks */ = {isa = PBXBuildFile; fileRef = CE6846FBBA42CB3199EE8892 /* flutter_email_sender.xcframework */; };
		731E4BA68217D0DA83A64361 /* FlutterPluginRegistrant.xcframework in Frameworks */ = {isa = PBXBuildFile; fileRef = C6BE43D2AD84F1D8BA89C641 /* FlutterPluginRegistrant.xcframework */; };
		8353495F94E31CA1C687DE49 /* grpcpp.xcframework in Frameworks */ = {isa = PBXBuildFile; fileRef = A6D64CA28AFED6601987E849 /* grpcpp.xcframework */; };
		883E436A908245DECB5F6A8D /* FirebaseFirestore.xcframework in Frameworks */ = {isa = PBXBuildFile; fileRef = 912E4E39B4663D7F1BEE919F /* FirebaseFirestore.xcframework */; };
		8A584D608007148F8C50DD05 /* GoogleUtilities.xcframework in Frameworks */ = {isa = PBXBuildFile; fileRef = BE1F43219A20D34D9D52D16A /* GoogleUtilities.xcframework */; };
		8B124956B1BFF6D5ADB561D8 /* absl.xcframework in Embed Frameworks */ = {isa = PBXBuildFile; fileRef = 58114D0FB368FF2BD8F77074 /* absl.xcframework */; settings = {ATTRIBUTES = (CodeSignOnCopy, RemoveHeadersOnCopy, ); }; };
		8C3744AB88999958BE6780F0 /* openssl_grpc.xcframework in Frameworks */ = {isa = PBXBuildFile; fileRef = B6974B0F9710EB6702A757A6 /* openssl_grpc.xcframework */; };
		90124DFE821FD2B43FAA22EF /* FirebaseCoreDiagnostics.xcframework in Frameworks */ = {isa = PBXBuildFile; fileRef = 5813457C9F5CE09F70A3AF38 /* FirebaseCoreDiagnostics.xcframework */; };
		9E434C24BCAAED23CAB73C27 /* grpc.xcframework in Frameworks */ = {isa = PBXBuildFile; fileRef = 88A94B088BACDBDD9600E9A7 /* grpc.xcframework */; };
		9EF349FABEA9BFB49EC166A7 /* grpcpp.xcframework in Embed Frameworks */ = {isa = PBXBuildFile; fileRef = A6D64CA28AFED6601987E849 /* grpcpp.xcframework */; settings = {ATTRIBUTES = (CodeSignOnCopy, RemoveHeadersOnCopy, ); }; };
		A30C4887B458B165E4420BB0 /* leveldb.xcframework in Frameworks */ = {isa = PBXBuildFile; fileRef = 0715496A84A766F3762CE2AA /* leveldb.xcframework */; };
		A58D441DBA7A208B2182790F /* GoogleDataTransport.xcframework in Embed Frameworks */ = {isa = PBXBuildFile; fileRef = 72B444769DB0F2B5F24F7B5F /* GoogleDataTransport.xcframework */; settings = {ATTRIBUTES = (CodeSignOnCopy, RemoveHeadersOnCopy, ); }; };
		AB814E51B821B5BC4A6F5415 /* leveldb.xcframework in Embed Frameworks */ = {isa = PBXBuildFile; fileRef = 0715496A84A766F3762CE2AA /* leveldb.xcframework */; settings = {ATTRIBUTES = (CodeSignOnCopy, RemoveHeadersOnCopy, ); }; };
		AE0EA89126B5C46E00DFD137 /* TEAMApp.swift in Sources */ = {isa = PBXBuildFile; fileRef = AE0EA89026B5C46E00DFD137 /* TEAMApp.swift */; };
		AE0EA89526B5C47000DFD137 /* Assets.xcassets in Resources */ = {isa = PBXBuildFile; fileRef = AE0EA89426B5C47000DFD137 /* Assets.xcassets */; };
		AE0EA89826B5C47000DFD137 /* Preview Assets.xcassets in Resources */ = {isa = PBXBuildFile; fileRef = AE0EA89726B5C47000DFD137 /* Preview Assets.xcassets */; };
		AE0EA8A326B5C47000DFD137 /* TEAMTests.swift in Sources */ = {isa = PBXBuildFile; fileRef = AE0EA8A226B5C47000DFD137 /* TEAMTests.swift */; };
		AE0EA8AE26B5C47000DFD137 /* TEAMUITests.swift in Sources */ = {isa = PBXBuildFile; fileRef = AE0EA8AD26B5C47000DFD137 /* TEAMUITests.swift */; };
		AE0EA8CA26B5D43100DFD137 /* AppDelegate.swift in Sources */ = {isa = PBXBuildFile; fileRef = AE0EA8C926B5D43100DFD137 /* AppDelegate.swift */; };
		AE0EA8D226B5DF3A00DFD137 /* FlutterView.swift in Sources */ = {isa = PBXBuildFile; fileRef = AE0EA8D126B5DF3A00DFD137 /* FlutterView.swift */; };
		AEA273A127E586FD0083B20A /* google_sign_in.xcframework in Frameworks */ = {isa = PBXBuildFile; fileRef = 785F4CA59F466CB8A951B99B /* google_sign_in.xcframework */; };
		AEA273AD27E657CF0083B20A /* GoogleService-Info.plist in Resources */ = {isa = PBXBuildFile; fileRef = AEA273AC27E657CE0083B20A /* GoogleService-Info.plist */; };
		AEA273B427E90B7A0083B20A /* Release.xcconfig in Resources */ = {isa = PBXBuildFile; fileRef = AEA273B127E90B7A0083B20A /* Release.xcconfig */; };
		AEA273B527E90B7A0083B20A /* TEAMConfig.xcconfig in Resources */ = {isa = PBXBuildFile; fileRef = AEA273B227E90B7A0083B20A /* TEAMConfig.xcconfig */; };
		AEA273B627E90B7A0083B20A /* Debug.xcconfig in Resources */ = {isa = PBXBuildFile; fileRef = AEA273B327E90B7A0083B20A /* Debug.xcconfig */; };
		AEA273BB27E90DB90083B20A /* AppAuth.framework in Frameworks */ = {isa = PBXBuildFile; fileRef = AEA273B827E90DB90083B20A /* AppAuth.framework */; };
		AEA273BD27E90DB90083B20A /* GTMAppAuth.framework in Frameworks */ = {isa = PBXBuildFile; fileRef = AEA273B927E90DB90083B20A /* GTMAppAuth.framework */; };
		AEA273BF27E90DB90083B20A /* GTMSessionFetcher.framework in Frameworks */ = {isa = PBXBuildFile; fileRef = AEA273BA27E90DB90083B20A /* GTMSessionFetcher.framework */; };
		AEAF45AA26C83B6E009D72EB /* Flutter.xcframework in Frameworks */ = {isa = PBXBuildFile; fileRef = AEAF45A426C83B6E009D72EB /* Flutter.xcframework */; };
		AEAF45AB26C83B6E009D72EB /* Flutter.xcframework in Embed Frameworks */ = {isa = PBXBuildFile; fileRef = AEAF45A426C83B6E009D72EB /* Flutter.xcframework */; settings = {ATTRIBUTES = (CodeSignOnCopy, RemoveHeadersOnCopy, ); }; };
		AEAF45AC26C83B6E009D72EB /* App.xcframework in Frameworks */ = {isa = PBXBuildFile; fileRef = AEAF45A526C83B6E009D72EB /* App.xcframework */; };
		AEAF45AD26C83B6E009D72EB /* App.xcframework in Embed Frameworks */ = {isa = PBXBuildFile; fileRef = AEAF45A526C83B6E009D72EB /* App.xcframework */; settings = {ATTRIBUTES = (CodeSignOnCopy, RemoveHeadersOnCopy, ); }; };
		AEAF45B326C83B81009D72EB /* App.xcframework in Frameworks */ = {isa = PBXBuildFile; fileRef = AEAF45A526C83B6E009D72EB /* App.xcframework */; };
		AEAF45B426C83B81009D72EB /* App.xcframework in Frameworks */ = {isa = PBXBuildFile; fileRef = AEAF45A526C83B6E009D72EB /* App.xcframework */; };
		B6444964844AE1B703E18AC2 /* flutter_email_sender.xcframework in Embed Frameworks */ = {isa = PBXBuildFile; fileRef = CE6846FBBA42CB3199EE8892 /* flutter_email_sender.xcframework */; settings = {ATTRIBUTES = (CodeSignOnCopy, RemoveHeadersOnCopy, ); }; };
		C534439D9899314A462514EA /* openssl_grpc.xcframework in Embed Frameworks */ = {isa = PBXBuildFile; fileRef = B6974B0F9710EB6702A757A6 /* openssl_grpc.xcframework */; settings = {ATTRIBUTES = (CodeSignOnCopy, RemoveHeadersOnCopy, ); }; };
		CA1D4E20897E6D72F91D6B93 /* FBLPromises.xcframework in Embed Frameworks */ = {isa = PBXBuildFile; fileRef = 7CAC40E0A29F5D44C0E69E0E /* FBLPromises.xcframework */; settings = {ATTRIBUTES = (CodeSignOnCopy, RemoveHeadersOnCopy, ); }; };
		CD854D6EAC72EC9B37434D2F /* path_provider_ios.xcframework in Frameworks */ = {isa = PBXBuildFile; fileRef = B01B48AB9696042DF331B304 /* path_provider_ios.xcframework */; };
		D5FE4B618C0E45EBB7D2C672 /* firebase_auth.xcframework in Frameworks */ = {isa = PBXBuildFile; fileRef = C5B04498986CB8B8116721AC /* firebase_auth.xcframework */; };
		E306F4ABE2C3929F4B8445F7 /* Pods_TEAM.framework in Frameworks */ = {isa = PBXBuildFile; fileRef = 58B7B73685501D50ABB7FA64 /* Pods_TEAM.framework */; };
		E8C24B6990B26D203975F5C5 /* absl.xcframework in Frameworks */ = {isa = PBXBuildFile; fileRef = 58114D0FB368FF2BD8F77074 /* absl.xcframework */; };
		EA4D4BC798D20191C98653E6 /* nanopb.xcframework in Frameworks */ = {isa = PBXBuildFile; fileRef = 56FB4574962C126593D640CB /* nanopb.xcframework */; };
		EE57461AA3FB7C7402B67AF7 /* nanopb.xcframework in Embed Frameworks */ = {isa = PBXBuildFile; fileRef = 56FB4574962C126593D640CB /* nanopb.xcframework */; settings = {ATTRIBUTES = (CodeSignOnCopy, RemoveHeadersOnCopy, ); }; };
		F4E3486EAF52E605F802D535 /* FirebaseAuth.xcframework in Frameworks */ = {isa = PBXBuildFile; fileRef = BE5E4522B495DF838073D42F /* FirebaseAuth.xcframework */; };
		F8914448BF40AC40F641017C /* FirebaseFirestore.xcframework in Embed Frameworks */ = {isa = PBXBuildFile; fileRef = 912E4E39B4663D7F1BEE919F /* FirebaseFirestore.xcframework */; settings = {ATTRIBUTES = (CodeSignOnCopy, RemoveHeadersOnCopy, ); }; };
/* End PBXBuildFile section */

/* Begin PBXContainerItemProxy section */
		AE0EA89F26B5C47000DFD137 /* PBXContainerItemProxy */ = {
			isa = PBXContainerItemProxy;
			containerPortal = AE0EA88526B5C46D00DFD137 /* Project object */;
			proxyType = 1;
			remoteGlobalIDString = AE0EA88C26B5C46D00DFD137;
			remoteInfo = TEAM;
		};
		AE0EA8AA26B5C47000DFD137 /* PBXContainerItemProxy */ = {
			isa = PBXContainerItemProxy;
			containerPortal = AE0EA88526B5C46D00DFD137 /* Project object */;
			proxyType = 1;
			remoteGlobalIDString = AE0EA88C26B5C46D00DFD137;
			remoteInfo = TEAM;
		};
/* End PBXContainerItemProxy section */

/* Begin PBXCopyFilesBuildPhase section */
		AEAF45B226C83B6E009D72EB /* Embed Frameworks */ = {
			isa = PBXCopyFilesBuildPhase;
			buildActionMask = 2147483647;
			dstPath = "";
			dstSubfolderSpec = 10;
			files = (
				AEAF45AB26C83B6E009D72EB /* Flutter.xcframework in Embed Frameworks */,
				AEAF45AD26C83B6E009D72EB /* App.xcframework in Embed Frameworks */,
				B6444964844AE1B703E18AC2 /* flutter_email_sender.xcframework in Embed Frameworks */,
				CA1D4E20897E6D72F91D6B93 /* FBLPromises.xcframework in Embed Frameworks */,
				58274CD1BBB970ECD977954D /* FirebaseAuth.xcframework in Embed Frameworks */,
				1A554EEDBFB0D49E5B2BACF6 /* FirebaseCore.xcframework in Embed Frameworks */,
				4CD7461D93C541676AF6F847 /* FirebaseCoreDiagnostics.xcframework in Embed Frameworks */,
				F8914448BF40AC40F641017C /* FirebaseFirestore.xcframework in Embed Frameworks */,
				A58D441DBA7A208B2182790F /* GoogleDataTransport.xcframework in Embed Frameworks */,
				61B44EE898050B35C1D2ED62 /* GoogleUtilities.xcframework in Embed Frameworks */,
				8B124956B1BFF6D5ADB561D8 /* absl.xcframework in Embed Frameworks */,
				25E24E6BB485DD1F5DB72940 /* grpc.xcframework in Embed Frameworks */,
				9EF349FABEA9BFB49EC166A7 /* grpcpp.xcframework in Embed Frameworks */,
				AB814E51B821B5BC4A6F5415 /* leveldb.xcframework in Embed Frameworks */,
				EE57461AA3FB7C7402B67AF7 /* nanopb.xcframework in Embed Frameworks */,
				C534439D9899314A462514EA /* openssl_grpc.xcframework in Embed Frameworks */,
				4F2242D1929D61A888233FC9 /* path_provider_ios.xcframework in Embed Frameworks */,
			);
			name = "Embed Frameworks";
			runOnlyForDeploymentPostprocessing = 0;
		};
/* End PBXCopyFilesBuildPhase section */

/* Begin PBXFileReference section */
		0715496A84A766F3762CE2AA /* leveldb.xcframework */ = {isa = PBXFileReference; lastKnownFileType = wrapper.xcframework; name = leveldb.xcframework; path = "Flutter/$(CONFIGURATION)/leveldb.xcframework"; sourceTree = SOURCE_ROOT; };
		109FF79887448B23795191FC /* Pods-TEAM.debug.xcconfig */ = {isa = PBXFileReference; includeInIndex = 1; lastKnownFileType = text.xcconfig; name = "Pods-TEAM.debug.xcconfig"; path = "Target Support Files/Pods-TEAM/Pods-TEAM.debug.xcconfig"; sourceTree = "<group>"; };
		184C4BFD9264F361987AB73E /* firebase_core.xcframework */ = {isa = PBXFileReference; lastKnownFileType = wrapper.xcframework; name = firebase_core.xcframework; path = "Flutter/$(CONFIGURATION)/firebase_core.xcframework"; sourceTree = SOURCE_ROOT; };
		30874B6AA650915BCE6AE47E /* cloud_firestore.xcframework */ = {isa = PBXFileReference; lastKnownFileType = wrapper.xcframework; name = cloud_firestore.xcframework; path = "Flutter/$(CONFIGURATION)/cloud_firestore.xcframework"; sourceTree = SOURCE_ROOT; };
		4106DCFD22C9A4828678FE5E /* Pods-TEAM.release.xcconfig */ = {isa = PBXFileReference; includeInIndex = 1; lastKnownFileType = text.xcconfig; name = "Pods-TEAM.release.xcconfig"; path = "Target Support Files/Pods-TEAM/Pods-TEAM.release.xcconfig"; sourceTree = "<group>"; };
		56FB4574962C126593D640CB /* nanopb.xcframework */ = {isa = PBXFileReference; lastKnownFileType = wrapper.xcframework; name = nanopb.xcframework; path = "Flutter/$(CONFIGURATION)/nanopb.xcframework"; sourceTree = SOURCE_ROOT; };
		58114D0FB368FF2BD8F77074 /* absl.xcframework */ = {isa = PBXFileReference; lastKnownFileType = wrapper.xcframework; name = absl.xcframework; path = "Flutter/$(CONFIGURATION)/absl.xcframework"; sourceTree = SOURCE_ROOT; };
		5813457C9F5CE09F70A3AF38 /* FirebaseCoreDiagnostics.xcframework */ = {isa = PBXFileReference; lastKnownFileType = wrapper.xcframework; name = FirebaseCoreDiagnostics.xcframework; path = "Flutter/$(CONFIGURATION)/FirebaseCoreDiagnostics.xcframework"; sourceTree = SOURCE_ROOT; };
		58B7B73685501D50ABB7FA64 /* Pods_TEAM.framework */ = {isa = PBXFileReference; explicitFileType = wrapper.framework; includeInIndex = 0; path = Pods_TEAM.framework; sourceTree = BUILT_PRODUCTS_DIR; };
		72B444769DB0F2B5F24F7B5F /* GoogleDataTransport.xcframework */ = {isa = PBXFileReference; lastKnownFileType = wrapper.xcframework; name = GoogleDataTransport.xcframework; path = "Flutter/$(CONFIGURATION)/GoogleDataTransport.xcframework"; sourceTree = SOURCE_ROOT; };
		785F4CA59F466CB8A951B99B /* google_sign_in.xcframework */ = {isa = PBXFileReference; lastKnownFileType = wrapper.xcframework; name = google_sign_in.xcframework; path = "Flutter/$(CONFIGURATION)/google_sign_in.xcframework"; sourceTree = SOURCE_ROOT; };
		7CAC40E0A29F5D44C0E69E0E /* FBLPromises.xcframework */ = {isa = PBXFileReference; lastKnownFileType = wrapper.xcframework; name = FBLPromises.xcframework; path = "Flutter/$(CONFIGURATION)/FBLPromises.xcframework"; sourceTree = SOURCE_ROOT; };
		88A94B088BACDBDD9600E9A7 /* grpc.xcframework */ = {isa = PBXFileReference; lastKnownFileType = wrapper.xcframework; name = grpc.xcframework; path = "Flutter/$(CONFIGURATION)/grpc.xcframework"; sourceTree = SOURCE_ROOT; };
		912E4E39B4663D7F1BEE919F /* FirebaseFirestore.xcframework */ = {isa = PBXFileReference; lastKnownFileType = wrapper.xcframework; name = FirebaseFirestore.xcframework; path = "Flutter/$(CONFIGURATION)/FirebaseFirestore.xcframework"; sourceTree = SOURCE_ROOT; };
		9F334B658B3BFC9082627B27 /* FirebaseCore.xcframework */ = {isa = PBXFileReference; lastKnownFileType = wrapper.xcframework; name = FirebaseCore.xcframework; path = "Flutter/$(CONFIGURATION)/FirebaseCore.xcframework"; sourceTree = SOURCE_ROOT; };
		A6D64CA28AFED6601987E849 /* grpcpp.xcframework */ = {isa = PBXFileReference; lastKnownFileType = wrapper.xcframework; name = grpcpp.xcframework; path = "Flutter/$(CONFIGURATION)/grpcpp.xcframework"; sourceTree = SOURCE_ROOT; };
		AE0EA88D26B5C46E00DFD137 /* TEAM Blue.app */ = {isa = PBXFileReference; explicitFileType = wrapper.application; includeInIndex = 0; path = "TEAM Blue.app"; sourceTree = BUILT_PRODUCTS_DIR; };
		AE0EA89026B5C46E00DFD137 /* TEAMApp.swift */ = {isa = PBXFileReference; lastKnownFileType = sourcecode.swift; path = TEAMApp.swift; sourceTree = "<group>"; };
		AE0EA89426B5C47000DFD137 /* Assets.xcassets */ = {isa = PBXFileReference; lastKnownFileType = folder.assetcatalog; path = Assets.xcassets; sourceTree = "<group>"; };
		AE0EA89726B5C47000DFD137 /* Preview Assets.xcassets */ = {isa = PBXFileReference; lastKnownFileType = folder.assetcatalog; path = "Preview Assets.xcassets"; sourceTree = "<group>"; };
		AE0EA89926B5C47000DFD137 /* Info.plist */ = {isa = PBXFileReference; lastKnownFileType = text.plist.xml; path = Info.plist; sourceTree = "<group>"; };
		AE0EA89E26B5C47000DFD137 /* TEAMTests.xctest */ = {isa = PBXFileReference; explicitFileType = wrapper.cfbundle; includeInIndex = 0; path = TEAMTests.xctest; sourceTree = BUILT_PRODUCTS_DIR; };
		AE0EA8A226B5C47000DFD137 /* TEAMTests.swift */ = {isa = PBXFileReference; lastKnownFileType = sourcecode.swift; path = TEAMTests.swift; sourceTree = "<group>"; };
		AE0EA8A426B5C47000DFD137 /* Info.plist */ = {isa = PBXFileReference; lastKnownFileType = text.plist.xml; path = Info.plist; sourceTree = "<group>"; };
		AE0EA8A926B5C47000DFD137 /* TEAMUITests.xctest */ = {isa = PBXFileReference; explicitFileType = wrapper.cfbundle; includeInIndex = 0; path = TEAMUITests.xctest; sourceTree = BUILT_PRODUCTS_DIR; };
		AE0EA8AD26B5C47000DFD137 /* TEAMUITests.swift */ = {isa = PBXFileReference; lastKnownFileType = sourcecode.swift; path = TEAMUITests.swift; sourceTree = "<group>"; };
		AE0EA8AF26B5C47000DFD137 /* Info.plist */ = {isa = PBXFileReference; lastKnownFileType = text.plist.xml; path = Info.plist; sourceTree = "<group>"; };
		AE0EA8C926B5D43100DFD137 /* AppDelegate.swift */ = {isa = PBXFileReference; lastKnownFileType = sourcecode.swift; path = AppDelegate.swift; sourceTree = "<group>"; };
		AE0EA8D126B5DF3A00DFD137 /* FlutterView.swift */ = {isa = PBXFileReference; lastKnownFileType = sourcecode.swift; path = FlutterView.swift; sourceTree = "<group>"; };
		AE3EBA8F26C86E2C006A48C4 /* TEAM.entitlements */ = {isa = PBXFileReference; lastKnownFileType = text.plist.entitlements; path = TEAM.entitlements; sourceTree = "<group>"; };
		AEA273AC27E657CE0083B20A /* GoogleService-Info.plist */ = {isa = PBXFileReference; fileEncoding = 4; lastKnownFileType = text.plist.xml; path = "GoogleService-Info.plist"; sourceTree = "<group>"; };
		AEA273B127E90B7A0083B20A /* Release.xcconfig */ = {isa = PBXFileReference; fileEncoding = 4; lastKnownFileType = text.xcconfig; path = Release.xcconfig; sourceTree = "<group>"; };
		AEA273B227E90B7A0083B20A /* TEAMConfig.xcconfig */ = {isa = PBXFileReference; fileEncoding = 4; lastKnownFileType = text.xcconfig; path = TEAMConfig.xcconfig; sourceTree = "<group>"; };
		AEA273B327E90B7A0083B20A /* Debug.xcconfig */ = {isa = PBXFileReference; fileEncoding = 4; lastKnownFileType = text.xcconfig; path = Debug.xcconfig; sourceTree = "<group>"; };
		AEA273B827E90DB90083B20A /* AppAuth.framework */ = {isa = PBXFileReference; explicitFileType = wrapper.framework; path = AppAuth.framework; sourceTree = BUILT_PRODUCTS_DIR; };
		AEA273B927E90DB90083B20A /* GTMAppAuth.framework */ = {isa = PBXFileReference; explicitFileType = wrapper.framework; path = GTMAppAuth.framework; sourceTree = BUILT_PRODUCTS_DIR; };
		AEA273BA27E90DB90083B20A /* GTMSessionFetcher.framework */ = {isa = PBXFileReference; explicitFileType = wrapper.framework; path = GTMSessionFetcher.framework; sourceTree = BUILT_PRODUCTS_DIR; };
		AEAF45A426C83B6E009D72EB /* Flutter.xcframework */ = {isa = PBXFileReference; lastKnownFileType = wrapper.xcframework; name = Flutter.xcframework; path = "Flutter/$(CONFIGURATION)/Flutter.xcframework"; sourceTree = "<group>"; };
		AEAF45A526C83B6E009D72EB /* App.xcframework */ = {isa = PBXFileReference; lastKnownFileType = wrapper.xcframework; name = App.xcframework; path = "Flutter/$(CONFIGURATION)/App.xcframework"; sourceTree = "<group>"; };
		B01B48AB9696042DF331B304 /* path_provider_ios.xcframework */ = {isa = PBXFileReference; lastKnownFileType = wrapper.xcframework; name = path_provider_ios.xcframework; path = "Flutter/$(CONFIGURATION)/path_provider_ios.xcframework"; sourceTree = SOURCE_ROOT; };
		B6974B0F9710EB6702A757A6 /* openssl_grpc.xcframework */ = {isa = PBXFileReference; lastKnownFileType = wrapper.xcframework; name = openssl_grpc.xcframework; path = "Flutter/$(CONFIGURATION)/openssl_grpc.xcframework"; sourceTree = SOURCE_ROOT; };
		BE1F43219A20D34D9D52D16A /* GoogleUtilities.xcframework */ = {isa = PBXFileReference; lastKnownFileType = wrapper.xcframework; name = GoogleUtilities.xcframework; path = "Flutter/$(CONFIGURATION)/GoogleUtilities.xcframework"; sourceTree = SOURCE_ROOT; };
		BE5E4522B495DF838073D42F /* FirebaseAuth.xcframework */ = {isa = PBXFileReference; lastKnownFileType = wrapper.xcframework; name = FirebaseAuth.xcframework; path = "Flutter/$(CONFIGURATION)/FirebaseAuth.xcframework"; sourceTree = SOURCE_ROOT; };
		C5B04498986CB8B8116721AC /* firebase_auth.xcframework */ = {isa = PBXFileReference; lastKnownFileType = wrapper.xcframework; name = firebase_auth.xcframework; path = "Flutter/$(CONFIGURATION)/firebase_auth.xcframework"; sourceTree = SOURCE_ROOT; };
		C6BE43D2AD84F1D8BA89C641 /* FlutterPluginRegistrant.xcframework */ = {isa = PBXFileReference; lastKnownFileType = wrapper.xcframework; name = FlutterPluginRegistrant.xcframework; path = "Flutter/$(CONFIGURATION)/FlutterPluginRegistrant.xcframework"; sourceTree = SOURCE_ROOT; };
		CE6846FBBA42CB3199EE8892 /* flutter_email_sender.xcframework */ = {isa = PBXFileReference; lastKnownFileType = wrapper.xcframework; name = flutter_email_sender.xcframework; path = "Flutter/$(CONFIGURATION)/flutter_email_sender.xcframework"; sourceTree = SOURCE_ROOT; };
/* End PBXFileReference section */

/* Begin PBXFrameworksBuildPhase section */
		AE0EA88A26B5C46D00DFD137 /* Frameworks */ = {
			isa = PBXFrameworksBuildPhase;
			buildActionMask = 2147483647;
			files = (
				AEAF45AA26C83B6E009D72EB /* Flutter.xcframework in Frameworks */,
				AEAF45AC26C83B6E009D72EB /* App.xcframework in Frameworks */,
				731E4BA68217D0DA83A64361 /* FlutterPluginRegistrant.xcframework in Frameworks */,
				6E1D4529901313729C5F0C61 /* flutter_email_sender.xcframework in Frameworks */,
				109E4CE59934966F274AC848 /* FBLPromises.xcframework in Frameworks */,
				F4E3486EAF52E605F802D535 /* FirebaseAuth.xcframework in Frameworks */,
				68FE49948E7A64D080A3332C /* FirebaseCore.xcframework in Frameworks */,
				90124DFE821FD2B43FAA22EF /* FirebaseCoreDiagnostics.xcframework in Frameworks */,
				AEA273BB27E90DB90083B20A /* AppAuth.framework in Frameworks */,
				883E436A908245DECB5F6A8D /* FirebaseFirestore.xcframework in Frameworks */,
				AEA273A127E586FD0083B20A /* google_sign_in.xcframework in Frameworks */,
				1FDD4D9EB7DC799047D661F7 /* GoogleDataTransport.xcframework in Frameworks */,
				8A584D608007148F8C50DD05 /* GoogleUtilities.xcframework in Frameworks */,
				E8C24B6990B26D203975F5C5 /* absl.xcframework in Frameworks */,
				34B6420CBD673D01D19E602D /* cloud_firestore.xcframework in Frameworks */,
				D5FE4B618C0E45EBB7D2C672 /* firebase_auth.xcframework in Frameworks */,
				AEA273BF27E90DB90083B20A /* GTMSessionFetcher.framework in Frameworks */,
				0FD94AAF84DCADA70D435367 /* firebase_core.xcframework in Frameworks */,
				9E434C24BCAAED23CAB73C27 /* grpc.xcframework in Frameworks */,
				AEA273BD27E90DB90083B20A /* GTMAppAuth.framework in Frameworks */,
				8353495F94E31CA1C687DE49 /* grpcpp.xcframework in Frameworks */,
				A30C4887B458B165E4420BB0 /* leveldb.xcframework in Frameworks */,
				EA4D4BC798D20191C98653E6 /* nanopb.xcframework in Frameworks */,
				8C3744AB88999958BE6780F0 /* openssl_grpc.xcframework in Frameworks */,
				CD854D6EAC72EC9B37434D2F /* path_provider_ios.xcframework in Frameworks */,
				E306F4ABE2C3929F4B8445F7 /* Pods_TEAM.framework in Frameworks */,
			);
			runOnlyForDeploymentPostprocessing = 0;
		};
		AE0EA89B26B5C47000DFD137 /* Frameworks */ = {
			isa = PBXFrameworksBuildPhase;
			buildActionMask = 2147483647;
			files = (
				AEAF45B326C83B81009D72EB /* App.xcframework in Frameworks */,
			);
			runOnlyForDeploymentPostprocessing = 0;
		};
		AE0EA8A626B5C47000DFD137 /* Frameworks */ = {
			isa = PBXFrameworksBuildPhase;
			buildActionMask = 2147483647;
			files = (
				AEAF45B426C83B81009D72EB /* App.xcframework in Frameworks */,
			);
			runOnlyForDeploymentPostprocessing = 0;
		};
/* End PBXFrameworksBuildPhase section */

/* Begin PBXGroup section */
		AE0EA88426B5C46D00DFD137 = {
			isa = PBXGroup;
			children = (
				AEA273B727E90B980083B20A /* Config */,
				AE0EA88F26B5C46E00DFD137 /* TEAM */,
				AE0EA8A126B5C47000DFD137 /* TEAMTests */,
				AE0EA8AC26B5C47000DFD137 /* TEAMUITests */,
				AE0EA88E26B5C46E00DFD137 /* Products */,
				AEAF45A226C83B6E009D72EB /* Frameworks */,
				C7FCE7C9BC8AD65CB8638600 /* Pods */,
			);
			sourceTree = "<group>";
		};
		AE0EA88E26B5C46E00DFD137 /* Products */ = {
			isa = PBXGroup;
			children = (
				AE0EA88D26B5C46E00DFD137 /* TEAM Blue.app */,
				AE0EA89E26B5C47000DFD137 /* TEAMTests.xctest */,
				AE0EA8A926B5C47000DFD137 /* TEAMUITests.xctest */,
			);
			name = Products;
			sourceTree = "<group>";
		};
		AE0EA88F26B5C46E00DFD137 /* TEAM */ = {
			isa = PBXGroup;
			children = (
				AEA273AC27E657CE0083B20A /* GoogleService-Info.plist */,
				AE3EBA8F26C86E2C006A48C4 /* TEAM.entitlements */,
				AE0EA8C926B5D43100DFD137 /* AppDelegate.swift */,
				AE0EA89026B5C46E00DFD137 /* TEAMApp.swift */,
				AE0EA8D126B5DF3A00DFD137 /* FlutterView.swift */,
				AE0EA89426B5C47000DFD137 /* Assets.xcassets */,
				AE0EA89926B5C47000DFD137 /* Info.plist */,
				AE0EA89626B5C47000DFD137 /* Preview Content */,
			);
			path = TEAM;
			sourceTree = "<group>";
		};
		AE0EA89626B5C47000DFD137 /* Preview Content */ = {
			isa = PBXGroup;
			children = (
				AE0EA89726B5C47000DFD137 /* Preview Assets.xcassets */,
			);
			path = "Preview Content";
			sourceTree = "<group>";
		};
		AE0EA8A126B5C47000DFD137 /* TEAMTests */ = {
			isa = PBXGroup;
			children = (
				AE0EA8A226B5C47000DFD137 /* TEAMTests.swift */,
				AE0EA8A426B5C47000DFD137 /* Info.plist */,
			);
			path = TEAMTests;
			sourceTree = "<group>";
		};
		AE0EA8AC26B5C47000DFD137 /* TEAMUITests */ = {
			isa = PBXGroup;
			children = (
				AE0EA8AD26B5C47000DFD137 /* TEAMUITests.swift */,
				AE0EA8AF26B5C47000DFD137 /* Info.plist */,
			);
			path = TEAMUITests;
			sourceTree = "<group>";
		};
		AEA273B727E90B980083B20A /* Config */ = {
			isa = PBXGroup;
			children = (
				AEA273B327E90B7A0083B20A /* Debug.xcconfig */,
				AEA273B127E90B7A0083B20A /* Release.xcconfig */,
				AEA273B227E90B7A0083B20A /* TEAMConfig.xcconfig */,
			);
			path = Config;
			sourceTree = "<group>";
		};
		AEAF45A226C83B6E009D72EB /* Frameworks */ = {
			isa = PBXGroup;
			children = (
				AEA273B827E90DB90083B20A /* AppAuth.framework */,
				AEA273B927E90DB90083B20A /* GTMAppAuth.framework */,
				AEA273BA27E90DB90083B20A /* GTMSessionFetcher.framework */,
				AEAF45A526C83B6E009D72EB /* App.xcframework */,
				AEAF45A426C83B6E009D72EB /* Flutter.xcframework */,
				C6BE43D2AD84F1D8BA89C641 /* FlutterPluginRegistrant.xcframework */,
				CE6846FBBA42CB3199EE8892 /* flutter_email_sender.xcframework */,
				7CAC40E0A29F5D44C0E69E0E /* FBLPromises.xcframework */,
				BE5E4522B495DF838073D42F /* FirebaseAuth.xcframework */,
				9F334B658B3BFC9082627B27 /* FirebaseCore.xcframework */,
				5813457C9F5CE09F70A3AF38 /* FirebaseCoreDiagnostics.xcframework */,
				912E4E39B4663D7F1BEE919F /* FirebaseFirestore.xcframework */,
				72B444769DB0F2B5F24F7B5F /* GoogleDataTransport.xcframework */,
				BE1F43219A20D34D9D52D16A /* GoogleUtilities.xcframework */,
				58114D0FB368FF2BD8F77074 /* absl.xcframework */,
				30874B6AA650915BCE6AE47E /* cloud_firestore.xcframework */,
				C5B04498986CB8B8116721AC /* firebase_auth.xcframework */,
				184C4BFD9264F361987AB73E /* firebase_core.xcframework */,
				785F4CA59F466CB8A951B99B /* google_sign_in.xcframework */,
				88A94B088BACDBDD9600E9A7 /* grpc.xcframework */,
				A6D64CA28AFED6601987E849 /* grpcpp.xcframework */,
				0715496A84A766F3762CE2AA /* leveldb.xcframework */,
				56FB4574962C126593D640CB /* nanopb.xcframework */,
				B6974B0F9710EB6702A757A6 /* openssl_grpc.xcframework */,
				B01B48AB9696042DF331B304 /* path_provider_ios.xcframework */,
				58B7B73685501D50ABB7FA64 /* Pods_TEAM.framework */,
			);
			name = Frameworks;
			sourceTree = "<group>";
		};
		C7FCE7C9BC8AD65CB8638600 /* Pods */ = {
			isa = PBXGroup;
			children = (
				109FF79887448B23795191FC /* Pods-TEAM.debug.xcconfig */,
				4106DCFD22C9A4828678FE5E /* Pods-TEAM.release.xcconfig */,
			);
			path = Pods;
			sourceTree = "<group>";
		};
/* End PBXGroup section */

/* Begin PBXNativeTarget section */
		AE0EA88C26B5C46D00DFD137 /* TEAM */ = {
			isa = PBXNativeTarget;
			buildConfigurationList = AE0EA8B226B5C47000DFD137 /* Build configuration list for PBXNativeTarget "TEAM" */;
			buildPhases = (
				9BB9EE2583873A59781833B9 /* [CP] Check Pods Manifest.lock */,
				AE0EA88926B5C46D00DFD137 /* Sources */,
				AE0EA88A26B5C46D00DFD137 /* Frameworks */,
				AE0EA88B26B5C46D00DFD137 /* Resources */,
				AEAF45B226C83B6E009D72EB /* Embed Frameworks */,
				41E40E7C8EBBFF12E6535356 /* [CP] Embed Pods Frameworks */,
				C8556C2EFF9ED16000DFBAD1 /* [CP] Copy Pods Resources */,
			);
			buildRules = (
			);
			dependencies = (
			);
			name = TEAM;
			productName = TEAM;
			productReference = AE0EA88D26B5C46E00DFD137 /* TEAM Blue.app */;
			productType = "com.apple.product-type.application";
		};
		AE0EA89D26B5C47000DFD137 /* TEAMTests */ = {
			isa = PBXNativeTarget;
			buildConfigurationList = AE0EA8B526B5C47000DFD137 /* Build configuration list for PBXNativeTarget "TEAMTests" */;
			buildPhases = (
				AE0EA89A26B5C47000DFD137 /* Sources */,
				AE0EA89B26B5C47000DFD137 /* Frameworks */,
				AE0EA89C26B5C47000DFD137 /* Resources */,
			);
			buildRules = (
			);
			dependencies = (
				AE0EA8A026B5C47000DFD137 /* PBXTargetDependency */,
			);
			name = TEAMTests;
			productName = TEAMTests;
			productReference = AE0EA89E26B5C47000DFD137 /* TEAMTests.xctest */;
			productType = "com.apple.product-type.bundle.unit-test";
		};
		AE0EA8A826B5C47000DFD137 /* TEAMUITests */ = {
			isa = PBXNativeTarget;
			buildConfigurationList = AE0EA8B826B5C47000DFD137 /* Build configuration list for PBXNativeTarget "TEAMUITests" */;
			buildPhases = (
				AE0EA8A526B5C47000DFD137 /* Sources */,
				AE0EA8A626B5C47000DFD137 /* Frameworks */,
				AE0EA8A726B5C47000DFD137 /* Resources */,
			);
			buildRules = (
			);
			dependencies = (
				AE0EA8AB26B5C47000DFD137 /* PBXTargetDependency */,
			);
			name = TEAMUITests;
			productName = TEAMUITests;
			productReference = AE0EA8A926B5C47000DFD137 /* TEAMUITests.xctest */;
			productType = "com.apple.product-type.bundle.ui-testing";
		};
/* End PBXNativeTarget section */

/* Begin PBXProject section */
		AE0EA88526B5C46D00DFD137 /* Project object */ = {
			isa = PBXProject;
			attributes = {
				LastSwiftUpdateCheck = 1230;
				LastUpgradeCheck = 1230;
				TargetAttributes = {
					AE0EA88C26B5C46D00DFD137 = {
						CreatedOnToolsVersion = 12.3;
					};
					AE0EA89D26B5C47000DFD137 = {
						CreatedOnToolsVersion = 12.3;
						TestTargetID = AE0EA88C26B5C46D00DFD137;
					};
					AE0EA8A826B5C47000DFD137 = {
						CreatedOnToolsVersion = 12.3;
						TestTargetID = AE0EA88C26B5C46D00DFD137;
					};
				};
			};
			buildConfigurationList = AE0EA88826B5C46D00DFD137 /* Build configuration list for PBXProject "TEAM" */;
			compatibilityVersion = "Xcode 9.3";
			developmentRegion = en;
			hasScannedForEncodings = 0;
			knownRegions = (
				en,
				Base,
			);
			mainGroup = AE0EA88426B5C46D00DFD137;
			productRefGroup = AE0EA88E26B5C46E00DFD137 /* Products */;
			projectDirPath = "";
			projectRoot = "";
			targets = (
				AE0EA88C26B5C46D00DFD137 /* TEAM */,
				AE0EA89D26B5C47000DFD137 /* TEAMTests */,
				AE0EA8A826B5C47000DFD137 /* TEAMUITests */,
			);
		};
/* End PBXProject section */

/* Begin PBXResourcesBuildPhase section */
		AE0EA88B26B5C46D00DFD137 /* Resources */ = {
			isa = PBXResourcesBuildPhase;
			buildActionMask = 2147483647;
			files = (
				AEA273B627E90B7A0083B20A /* Debug.xcconfig in Resources */,
				AEA273B427E90B7A0083B20A /* Release.xcconfig in Resources */,
				AE0EA89826B5C47000DFD137 /* Preview Assets.xcassets in Resources */,
				AEA273AD27E657CF0083B20A /* GoogleService-Info.plist in Resources */,
				AE0EA89526B5C47000DFD137 /* Assets.xcassets in Resources */,
				AEA273B527E90B7A0083B20A /* TEAMConfig.xcconfig in Resources */,
			);
			runOnlyForDeploymentPostprocessing = 0;
		};
		AE0EA89C26B5C47000DFD137 /* Resources */ = {
			isa = PBXResourcesBuildPhase;
			buildActionMask = 2147483647;
			files = (
			);
			runOnlyForDeploymentPostprocessing = 0;
		};
		AE0EA8A726B5C47000DFD137 /* Resources */ = {
			isa = PBXResourcesBuildPhase;
			buildActionMask = 2147483647;
			files = (
			);
			runOnlyForDeploymentPostprocessing = 0;
		};
/* End PBXResourcesBuildPhase section */

/* Begin PBXShellScriptBuildPhase section */
		41E40E7C8EBBFF12E6535356 /* [CP] Embed Pods Frameworks */ = {
			isa = PBXShellScriptBuildPhase;
			buildActionMask = 2147483647;
			files = (
			);
			inputFileListPaths = (
				"${PODS_ROOT}/Target Support Files/Pods-TEAM/Pods-TEAM-frameworks-${CONFIGURATION}-input-files.xcfilelist",
			);
			name = "[CP] Embed Pods Frameworks";
			outputFileListPaths = (
				"${PODS_ROOT}/Target Support Files/Pods-TEAM/Pods-TEAM-frameworks-${CONFIGURATION}-output-files.xcfilelist",
			);
			runOnlyForDeploymentPostprocessing = 0;
			shellPath = /bin/sh;
			shellScript = "\"${PODS_ROOT}/Target Support Files/Pods-TEAM/Pods-TEAM-frameworks.sh\"\n";
			showEnvVarsInLog = 0;
		};
		9BB9EE2583873A59781833B9 /* [CP] Check Pods Manifest.lock */ = {
			isa = PBXShellScriptBuildPhase;
			buildActionMask = 2147483647;
			files = (
			);
			inputFileListPaths = (
			);
			inputPaths = (
				"${PODS_PODFILE_DIR_PATH}/Podfile.lock",
				"${PODS_ROOT}/Manifest.lock",
			);
			name = "[CP] Check Pods Manifest.lock";
			outputFileListPaths = (
			);
			outputPaths = (
				"$(DERIVED_FILE_DIR)/Pods-TEAM-checkManifestLockResult.txt",
			);
			runOnlyForDeploymentPostprocessing = 0;
			shellPath = /bin/sh;
			shellScript = "diff \"${PODS_PODFILE_DIR_PATH}/Podfile.lock\" \"${PODS_ROOT}/Manifest.lock\" > /dev/null\nif [ $? != 0 ] ; then\n    # print error to STDERR\n    echo \"error: The sandbox is not in sync with the Podfile.lock. Run 'pod install' or update your CocoaPods installation.\" >&2\n    exit 1\nfi\n# This output is used by Xcode 'outputs' to avoid re-running this script phase.\necho \"SUCCESS\" > \"${SCRIPT_OUTPUT_FILE_0}\"\n";
			showEnvVarsInLog = 0;
		};
		C8556C2EFF9ED16000DFBAD1 /* [CP] Copy Pods Resources */ = {
			isa = PBXShellScriptBuildPhase;
			buildActionMask = 2147483647;
			files = (
			);
			inputFileListPaths = (
				"${PODS_ROOT}/Target Support Files/Pods-TEAM/Pods-TEAM-resources-${CONFIGURATION}-input-files.xcfilelist",
			);
			name = "[CP] Copy Pods Resources";
			outputFileListPaths = (
				"${PODS_ROOT}/Target Support Files/Pods-TEAM/Pods-TEAM-resources-${CONFIGURATION}-output-files.xcfilelist",
			);
			runOnlyForDeploymentPostprocessing = 0;
			shellPath = /bin/sh;
			shellScript = "\"${PODS_ROOT}/Target Support Files/Pods-TEAM/Pods-TEAM-resources.sh\"\n";
			showEnvVarsInLog = 0;
		};
/* End PBXShellScriptBuildPhase section */

/* Begin PBXSourcesBuildPhase section */
		AE0EA88926B5C46D00DFD137 /* Sources */ = {
			isa = PBXSourcesBuildPhase;
			buildActionMask = 2147483647;
			files = (
				AE0EA8D226B5DF3A00DFD137 /* FlutterView.swift in Sources */,
				AE0EA8CA26B5D43100DFD137 /* AppDelegate.swift in Sources */,
				AE0EA89126B5C46E00DFD137 /* TEAMApp.swift in Sources */,
			);
			runOnlyForDeploymentPostprocessing = 0;
		};
		AE0EA89A26B5C47000DFD137 /* Sources */ = {
			isa = PBXSourcesBuildPhase;
			buildActionMask = 2147483647;
			files = (
				AE0EA8A326B5C47000DFD137 /* TEAMTests.swift in Sources */,
			);
			runOnlyForDeploymentPostprocessing = 0;
		};
		AE0EA8A526B5C47000DFD137 /* Sources */ = {
			isa = PBXSourcesBuildPhase;
			buildActionMask = 2147483647;
			files = (
				AE0EA8AE26B5C47000DFD137 /* TEAMUITests.swift in Sources */,
			);
			runOnlyForDeploymentPostprocessing = 0;
		};
/* End PBXSourcesBuildPhase section */

/* Begin PBXTargetDependency section */
		AE0EA8A026B5C47000DFD137 /* PBXTargetDependency */ = {
			isa = PBXTargetDependency;
			target = AE0EA88C26B5C46D00DFD137 /* TEAM */;
			targetProxy = AE0EA89F26B5C47000DFD137 /* PBXContainerItemProxy */;
		};
		AE0EA8AB26B5C47000DFD137 /* PBXTargetDependency */ = {
			isa = PBXTargetDependency;
			target = AE0EA88C26B5C46D00DFD137 /* TEAM */;
			targetProxy = AE0EA8AA26B5C47000DFD137 /* PBXContainerItemProxy */;
		};
/* End PBXTargetDependency section */

/* Begin XCBuildConfiguration section */
		AE0EA8B026B5C47000DFD137 /* Debug */ = {
			isa = XCBuildConfiguration;
			buildSettings = {
				ALWAYS_SEARCH_USER_PATHS = NO;
				CLANG_ANALYZER_NONNULL = YES;
				CLANG_ANALYZER_NUMBER_OBJECT_CONVERSION = YES_AGGRESSIVE;
				CLANG_CXX_LANGUAGE_STANDARD = "gnu++14";
				CLANG_CXX_LIBRARY = "libc++";
				CLANG_ENABLE_MODULES = YES;
				CLANG_ENABLE_OBJC_ARC = YES;
				CLANG_ENABLE_OBJC_WEAK = YES;
				CLANG_WARN_BLOCK_CAPTURE_AUTORELEASING = YES;
				CLANG_WARN_BOOL_CONVERSION = YES;
				CLANG_WARN_COMMA = YES;
				CLANG_WARN_CONSTANT_CONVERSION = YES;
				CLANG_WARN_DEPRECATED_OBJC_IMPLEMENTATIONS = YES;
				CLANG_WARN_DIRECT_OBJC_ISA_USAGE = YES_ERROR;
				CLANG_WARN_DOCUMENTATION_COMMENTS = YES;
				CLANG_WARN_EMPTY_BODY = YES;
				CLANG_WARN_ENUM_CONVERSION = YES;
				CLANG_WARN_INFINITE_RECURSION = YES;
				CLANG_WARN_INT_CONVERSION = YES;
				CLANG_WARN_NON_LITERAL_NULL_CONVERSION = YES;
				CLANG_WARN_OBJC_IMPLICIT_RETAIN_SELF = YES;
				CLANG_WARN_OBJC_LITERAL_CONVERSION = YES;
				CLANG_WARN_OBJC_ROOT_CLASS = YES_ERROR;
				CLANG_WARN_QUOTED_INCLUDE_IN_FRAMEWORK_HEADER = YES;
				CLANG_WARN_RANGE_LOOP_ANALYSIS = YES;
				CLANG_WARN_STRICT_PROTOTYPES = YES;
				CLANG_WARN_SUSPICIOUS_MOVE = YES;
				CLANG_WARN_UNGUARDED_AVAILABILITY = YES_AGGRESSIVE;
				CLANG_WARN_UNREACHABLE_CODE = YES;
				CLANG_WARN__DUPLICATE_METHOD_MATCH = YES;
				COPY_PHASE_STRIP = NO;
				DEBUG_INFORMATION_FORMAT = dwarf;
				ENABLE_STRICT_OBJC_MSGSEND = YES;
				ENABLE_TESTABILITY = YES;
				GCC_C_LANGUAGE_STANDARD = gnu11;
				GCC_DYNAMIC_NO_PIC = NO;
				GCC_NO_COMMON_BLOCKS = YES;
				GCC_OPTIMIZATION_LEVEL = 0;
				GCC_PREPROCESSOR_DEFINITIONS = (
					"DEBUG=1",
					"$(inherited)",
				);
				GCC_WARN_64_TO_32_BIT_CONVERSION = YES;
				GCC_WARN_ABOUT_RETURN_TYPE = YES_ERROR;
				GCC_WARN_UNDECLARED_SELECTOR = YES;
				GCC_WARN_UNINITIALIZED_AUTOS = YES_AGGRESSIVE;
				GCC_WARN_UNUSED_FUNCTION = YES;
				GCC_WARN_UNUSED_VARIABLE = YES;
				IPHONEOS_DEPLOYMENT_TARGET = 14.3;
				MTL_ENABLE_DEBUG_INFO = INCLUDE_SOURCE;
				MTL_FAST_MATH = YES;
				ONLY_ACTIVE_ARCH = YES;
				SDKROOT = iphoneos;
				SWIFT_ACTIVE_COMPILATION_CONDITIONS = DEBUG;
				SWIFT_OPTIMIZATION_LEVEL = "-Onone";
			};
			name = Debug;
		};
		AE0EA8B126B5C47000DFD137 /* Release */ = {
			isa = XCBuildConfiguration;
			buildSettings = {
				ALWAYS_SEARCH_USER_PATHS = NO;
				CLANG_ANALYZER_NONNULL = YES;
				CLANG_ANALYZER_NUMBER_OBJECT_CONVERSION = YES_AGGRESSIVE;
				CLANG_CXX_LANGUAGE_STANDARD = "gnu++14";
				CLANG_CXX_LIBRARY = "libc++";
				CLANG_ENABLE_MODULES = YES;
				CLANG_ENABLE_OBJC_ARC = YES;
				CLANG_ENABLE_OBJC_WEAK = YES;
				CLANG_WARN_BLOCK_CAPTURE_AUTORELEASING = YES;
				CLANG_WARN_BOOL_CONVERSION = YES;
				CLANG_WARN_COMMA = YES;
				CLANG_WARN_CONSTANT_CONVERSION = YES;
				CLANG_WARN_DEPRECATED_OBJC_IMPLEMENTATIONS = YES;
				CLANG_WARN_DIRECT_OBJC_ISA_USAGE = YES_ERROR;
				CLANG_WARN_DOCUMENTATION_COMMENTS = YES;
				CLANG_WARN_EMPTY_BODY = YES;
				CLANG_WARN_ENUM_CONVERSION = YES;
				CLANG_WARN_INFINITE_RECURSION = YES;
				CLANG_WARN_INT_CONVERSION = YES;
				CLANG_WARN_NON_LITERAL_NULL_CONVERSION = YES;
				CLANG_WARN_OBJC_IMPLICIT_RETAIN_SELF = YES;
				CLANG_WARN_OBJC_LITERAL_CONVERSION = YES;
				CLANG_WARN_OBJC_ROOT_CLASS = YES_ERROR;
				CLANG_WARN_QUOTED_INCLUDE_IN_FRAMEWORK_HEADER = YES;
				CLANG_WARN_RANGE_LOOP_ANALYSIS = YES;
				CLANG_WARN_STRICT_PROTOTYPES = YES;
				CLANG_WARN_SUSPICIOUS_MOVE = YES;
				CLANG_WARN_UNGUARDED_AVAILABILITY = YES_AGGRESSIVE;
				CLANG_WARN_UNREACHABLE_CODE = YES;
				CLANG_WARN__DUPLICATE_METHOD_MATCH = YES;
				COPY_PHASE_STRIP = NO;
				DEBUG_INFORMATION_FORMAT = "dwarf-with-dsym";
				ENABLE_NS_ASSERTIONS = NO;
				ENABLE_STRICT_OBJC_MSGSEND = YES;
				GCC_C_LANGUAGE_STANDARD = gnu11;
				GCC_NO_COMMON_BLOCKS = YES;
				GCC_WARN_64_TO_32_BIT_CONVERSION = YES;
				GCC_WARN_ABOUT_RETURN_TYPE = YES_ERROR;
				GCC_WARN_UNDECLARED_SELECTOR = YES;
				GCC_WARN_UNINITIALIZED_AUTOS = YES_AGGRESSIVE;
				GCC_WARN_UNUSED_FUNCTION = YES;
				GCC_WARN_UNUSED_VARIABLE = YES;
				IPHONEOS_DEPLOYMENT_TARGET = 14.3;
				MTL_ENABLE_DEBUG_INFO = NO;
				MTL_FAST_MATH = YES;
				SDKROOT = iphoneos;
				SWIFT_COMPILATION_MODE = wholemodule;
				SWIFT_OPTIMIZATION_LEVEL = "-O";
				VALIDATE_PRODUCT = YES;
			};
			name = Release;
		};
		AE0EA8B326B5C47000DFD137 /* Debug */ = {
			isa = XCBuildConfiguration;
			baseConfigurationReference = AEA273B327E90B7A0083B20A /* Debug.xcconfig */;
			buildSettings = {
				ASSETCATALOG_COMPILER_APPICON_NAME = AppIcon;
				ASSETCATALOG_COMPILER_GLOBAL_ACCENT_COLOR_NAME = AccentColor;
				CODE_SIGN_ENTITLEMENTS = TEAM/TEAM.entitlements;
				CODE_SIGN_STYLE = Automatic;
				CURRENT_PROJECT_VERSION = 32;
				DEVELOPMENT_ASSET_PATHS = "\"TEAM/Preview Content\"";
				DEVELOPMENT_TEAM = X4L3JSUC6J;
				ENABLE_PREVIEWS = YES;
				"EXCLUDED_ARCHS[sdk=iphonesimulator*]" = "arm64 i386";
				FRAMEWORK_SEARCH_PATHS = (
					"$(PROJECT_DIR)/Flutter/Release",
					"$(inherited)",
				);
				INFOPLIST_FILE = TEAM/Info.plist;
				IPHONEOS_DEPLOYMENT_TARGET = 14.0;
				LD_RUNPATH_SEARCH_PATHS = (
					"$(inherited)",
					"@executable_path/Frameworks",
					"$(inherited)",
					"@executable_path/Frameworks",
				);
				PRODUCT_BUNDLE_IDENTIFIER = "$(MAIN_APP_BUNDLE_IDENTIFIER)";
				PRODUCT_NAME = "$(MAIN_APP_DISPLAY_NAME)";
				SWIFT_VERSION = 5.0;
				TARGETED_DEVICE_FAMILY = "1,2";
			};
			name = Debug;
		};
		AE0EA8B426B5C47000DFD137 /* Release */ = {
			isa = XCBuildConfiguration;
			baseConfigurationReference = AEA273B127E90B7A0083B20A /* Release.xcconfig */;
			buildSettings = {
				ASSETCATALOG_COMPILER_APPICON_NAME = AppIcon;
				ASSETCATALOG_COMPILER_GLOBAL_ACCENT_COLOR_NAME = AccentColor;
				CODE_SIGN_ENTITLEMENTS = TEAM/TEAM.entitlements;
				CODE_SIGN_STYLE = Automatic;
				CURRENT_PROJECT_VERSION = 32;
				DEVELOPMENT_ASSET_PATHS = "\"TEAM/Preview Content\"";
				DEVELOPMENT_TEAM = X4L3JSUC6J;
				ENABLE_PREVIEWS = YES;
				"EXCLUDED_ARCHS[sdk=iphonesimulator*]" = "arm64 i386";
				FRAMEWORK_SEARCH_PATHS = (
					"$(PROJECT_DIR)/Flutter/Release",
					"$(inherited)",
				);
				INFOPLIST_FILE = TEAM/Info.plist;
				IPHONEOS_DEPLOYMENT_TARGET = 14.0;
				LD_RUNPATH_SEARCH_PATHS = (
					"$(inherited)",
					"@executable_path/Frameworks",
					"$(inherited)",
					"@executable_path/Frameworks",
				);
				PRODUCT_BUNDLE_IDENTIFIER = "$(MAIN_APP_BUNDLE_IDENTIFIER)";
				PRODUCT_NAME = "$(MAIN_APP_DISPLAY_NAME)";
				SWIFT_VERSION = 5.0;
				TARGETED_DEVICE_FAMILY = "1,2";
			};
			name = Release;
		};
		AE0EA8B626B5C47000DFD137 /* Debug */ = {
			isa = XCBuildConfiguration;
			buildSettings = {
				ALWAYS_EMBED_SWIFT_STANDARD_LIBRARIES = YES;
				BUNDLE_LOADER = "$(TEST_HOST)";
				CODE_SIGN_STYLE = Automatic;
				DEVELOPMENT_TEAM = X4L3JSUC6J;
				INFOPLIST_FILE = TEAMTests/Info.plist;
				IPHONEOS_DEPLOYMENT_TARGET = 14.0;
				LD_RUNPATH_SEARCH_PATHS = (
					"$(inherited)",
					"@executable_path/Frameworks",
					"@loader_path/Frameworks",
				);
				PRODUCT_BUNDLE_IDENTIFIER = net.adamcin.TEAMTests;
				PRODUCT_NAME = "$(TARGET_NAME)";
				SWIFT_VERSION = 5.0;
				TARGETED_DEVICE_FAMILY = "1,2";
				TEST_HOST = "$(BUILT_PRODUCTS_DIR)/TEAM.app/TEAM";
			};
			name = Debug;
		};
		AE0EA8B726B5C47000DFD137 /* Release */ = {
			isa = XCBuildConfiguration;
			buildSettings = {
				ALWAYS_EMBED_SWIFT_STANDARD_LIBRARIES = YES;
				BUNDLE_LOADER = "$(TEST_HOST)";
				CODE_SIGN_STYLE = Automatic;
				DEVELOPMENT_TEAM = X4L3JSUC6J;
				INFOPLIST_FILE = TEAMTests/Info.plist;
				IPHONEOS_DEPLOYMENT_TARGET = 14.0;
				LD_RUNPATH_SEARCH_PATHS = (
					"$(inherited)",
					"@executable_path/Frameworks",
					"@loader_path/Frameworks",
				);
				PRODUCT_BUNDLE_IDENTIFIER = net.adamcin.TEAMTests;
				PRODUCT_NAME = "$(TARGET_NAME)";
				SWIFT_VERSION = 5.0;
				TARGETED_DEVICE_FAMILY = "1,2";
				TEST_HOST = "$(BUILT_PRODUCTS_DIR)/TEAM.app/TEAM";
			};
			name = Release;
		};
		AE0EA8B926B5C47000DFD137 /* Debug */ = {
			isa = XCBuildConfiguration;
			buildSettings = {
				ALWAYS_EMBED_SWIFT_STANDARD_LIBRARIES = YES;
				CODE_SIGN_STYLE = Automatic;
				DEVELOPMENT_TEAM = X4L3JSUC6J;
				INFOPLIST_FILE = TEAMUITests/Info.plist;
				LD_RUNPATH_SEARCH_PATHS = (
					"$(inherited)",
					"@executable_path/Frameworks",
					"@loader_path/Frameworks",
				);
				PRODUCT_BUNDLE_IDENTIFIER = net.adamcin.TEAMUITests;
				PRODUCT_NAME = "$(TARGET_NAME)";
				SWIFT_VERSION = 5.0;
				TARGETED_DEVICE_FAMILY = "1,2";
				TEST_TARGET_NAME = TEAM;
			};
			name = Debug;
		};
		AE0EA8BA26B5C47000DFD137 /* Release */ = {
			isa = XCBuildConfiguration;
			buildSettings = {
				ALWAYS_EMBED_SWIFT_STANDARD_LIBRARIES = YES;
				CODE_SIGN_STYLE = Automatic;
				DEVELOPMENT_TEAM = X4L3JSUC6J;
				INFOPLIST_FILE = TEAMUITests/Info.plist;
				LD_RUNPATH_SEARCH_PATHS = (
					"$(inherited)",
					"@executable_path/Frameworks",
					"@loader_path/Frameworks",
				);
				PRODUCT_BUNDLE_IDENTIFIER = net.adamcin.TEAMUITests;
				PRODUCT_NAME = "$(TARGET_NAME)";
				SWIFT_VERSION = 5.0;
				TARGETED_DEVICE_FAMILY = "1,2";
				TEST_TARGET_NAME = TEAM;
			};
			name = Release;
		};
/* End XCBuildConfiguration section */

/* Begin XCConfigurationList section */
		AE0EA88826B5C46D00DFD137 /* Build configuration list for PBXProject "TEAM" */ = {
			isa = XCConfigurationList;
			buildConfigurations = (
				AE0EA8B026B5C47000DFD137 /* Debug */,
				AE0EA8B126B5C47000DFD137 /* Release */,
			);
			defaultConfigurationIsVisible = 0;
			defaultConfigurationName = Release;
		};
		AE0EA8B226B5C47000DFD137 /* Build configuration list for PBXNativeTarget "TEAM" */ = {
			isa = XCConfigurationList;
			buildConfigurations = (
				AE0EA8B326B5C47000DFD137 /* Debug */,
				AE0EA8B426B5C47000DFD137 /* Release */,
			);
			defaultConfigurationIsVisible = 0;
			defaultConfigurationName = Release;
		};
		AE0EA8B526B5C47000DFD137 /* Build configuration list for PBXNativeTarget "TEAMTests" */ = {
			isa = XCConfigurationList;
			buildConfigurations = (
				AE0EA8B626B5C47000DFD137 /* Debug */,
				AE0EA8B726B5C47000DFD137 /* Release */,
			);
			defaultConfigurationIsVisible = 0;
			defaultConfigurationName = Release;
		};
		AE0EA8B826B5C47000DFD137 /* Build configuration list for PBXNativeTarget "TEAMUITests" */ = {
			isa = XCConfigurationList;
			buildConfigurations = (
				AE0EA8B926B5C47000DFD137 /* Debug */,
				AE0EA8BA26B5C47000DFD137 /* Release */,
			);
			defaultConfigurationIsVisible = 0;
			defaultConfigurationName = Release;
		};
/* End XCConfigurationList section */
	};
	rootObject = AE0EA88526B5C46D00DFD137 /* Project object */;
}
