// !$*UTF8*$!
{
	archiveVersion = 1;
	classes = {
	};
	objectVersion = 51;
	objects = {

/* Begin PBXBuildFile section */
		05FEFE8C439AA2F7EE6882D5 /* Pods_TEAM_TEAMUITests.framework in Frameworks */ = {isa = PBXBuildFile; fileRef = 35489B2E4DAA8D479DD4E094 /* Pods_TEAM_TEAMUITests.framework */; };
		1B3C10C8F3A40A7478EFEFE4 /* Pods_TEAM.framework in Frameworks */ = {isa = PBXBuildFile; fileRef = 9BCB35E74D6F93444F574EF1 /* Pods_TEAM.framework */; };
		AE0EA89126B5C46E00DFD137 /* TEAMApp.swift in Sources */ = {isa = PBXBuildFile; fileRef = AE0EA89026B5C46E00DFD137 /* TEAMApp.swift */; };
		AE0EA89526B5C47000DFD137 /* Assets.xcassets in Resources */ = {isa = PBXBuildFile; fileRef = AE0EA89426B5C47000DFD137 /* Assets.xcassets */; };
		AE0EA89826B5C47000DFD137 /* Preview Assets.xcassets in Resources */ = {isa = PBXBuildFile; fileRef = AE0EA89726B5C47000DFD137 /* Preview Assets.xcassets */; };
		AE0EA8A326B5C47000DFD137 /* TEAMTests.swift in Sources */ = {isa = PBXBuildFile; fileRef = AE0EA8A226B5C47000DFD137 /* TEAMTests.swift */; };
		AE0EA8AE26B5C47000DFD137 /* TEAMUITests.swift in Sources */ = {isa = PBXBuildFile; fileRef = AE0EA8AD26B5C47000DFD137 /* TEAMUITests.swift */; };
		AE0EA8CA26B5D43100DFD137 /* AppDelegate.swift in Sources */ = {isa = PBXBuildFile; fileRef = AE0EA8C926B5D43100DFD137 /* AppDelegate.swift */; };
		AE0EA8D226B5DF3A00DFD137 /* FlutterView.swift in Sources */ = {isa = PBXBuildFile; fileRef = AE0EA8D126B5DF3A00DFD137 /* FlutterView.swift */; };
		AE8AF40D26B5F746002247FD /* FlutterEngineEnvironment.swift in Sources */ = {isa = PBXBuildFile; fileRef = AE8AF40C26B5F746002247FD /* FlutterEngineEnvironment.swift */; };
		B0C1E05CEE6F88B30F0366D1 /* Pods_TEAMTests.framework in Frameworks */ = {isa = PBXBuildFile; fileRef = B1270722D2C431F99233805A /* Pods_TEAMTests.framework */; };
/* End PBXBuildFile section */

/* Begin PBXContainerItemProxy section */
		AE0EA89F26B5C47000DFD137 /* PBXContainerItemProxy */ = {
			isa = PBXContainerItemProxy;
			containerPortal = AE0EA88526B5C46D00DFD137 /* Project object */;
			proxyType = 1;
			remoteGlobalIDString = AE0EA88C26B5C46D00DFD137;
			remoteInfo = TEAM;
		};
		AE0EA8AA26B5C47000DFD137 /* PBXContainerItemProxy */ = {
			isa = PBXContainerItemProxy;
			containerPortal = AE0EA88526B5C46D00DFD137 /* Project object */;
			proxyType = 1;
			remoteGlobalIDString = AE0EA88C26B5C46D00DFD137;
			remoteInfo = TEAM;
		};
/* End PBXContainerItemProxy section */

/* Begin PBXFileReference section */
		2677E25CDBC8BA027EED9AA5 /* Pods-TEAM-TEAMUITests.release.xcconfig */ = {isa = PBXFileReference; includeInIndex = 1; lastKnownFileType = text.xcconfig; name = "Pods-TEAM-TEAMUITests.release.xcconfig"; path = "Target Support Files/Pods-TEAM-TEAMUITests/Pods-TEAM-TEAMUITests.release.xcconfig"; sourceTree = "<group>"; };
		31597325E2189D7ACC125D17 /* Pods-TEAMTests.release.xcconfig */ = {isa = PBXFileReference; includeInIndex = 1; lastKnownFileType = text.xcconfig; name = "Pods-TEAMTests.release.xcconfig"; path = "Target Support Files/Pods-TEAMTests/Pods-TEAMTests.release.xcconfig"; sourceTree = "<group>"; };
		35489B2E4DAA8D479DD4E094 /* Pods_TEAM_TEAMUITests.framework */ = {isa = PBXFileReference; explicitFileType = wrapper.framework; includeInIndex = 0; path = Pods_TEAM_TEAMUITests.framework; sourceTree = BUILT_PRODUCTS_DIR; };
		56752A554187D21160603D82 /* Pods-TEAM.release.xcconfig */ = {isa = PBXFileReference; includeInIndex = 1; lastKnownFileType = text.xcconfig; name = "Pods-TEAM.release.xcconfig"; path = "Target Support Files/Pods-TEAM/Pods-TEAM.release.xcconfig"; sourceTree = "<group>"; };
		5ABAEE04FE119C72C9E2F7E7 /* Pods-TEAM.debug.xcconfig */ = {isa = PBXFileReference; includeInIndex = 1; lastKnownFileType = text.xcconfig; name = "Pods-TEAM.debug.xcconfig"; path = "Target Support Files/Pods-TEAM/Pods-TEAM.debug.xcconfig"; sourceTree = "<group>"; };
		9BCB35E74D6F93444F574EF1 /* Pods_TEAM.framework */ = {isa = PBXFileReference; explicitFileType = wrapper.framework; includeInIndex = 0; path = Pods_TEAM.framework; sourceTree = BUILT_PRODUCTS_DIR; };
		9D9170BA6C92A588F024F8F5 /* Pods-TEAM-TEAMUITests.debug.xcconfig */ = {isa = PBXFileReference; includeInIndex = 1; lastKnownFileType = text.xcconfig; name = "Pods-TEAM-TEAMUITests.debug.xcconfig"; path = "Target Support Files/Pods-TEAM-TEAMUITests/Pods-TEAM-TEAMUITests.debug.xcconfig"; sourceTree = "<group>"; };
		AE0EA88D26B5C46E00DFD137 /* TEAM.app */ = {isa = PBXFileReference; explicitFileType = wrapper.application; includeInIndex = 0; path = TEAM.app; sourceTree = BUILT_PRODUCTS_DIR; };
		AE0EA89026B5C46E00DFD137 /* TEAMApp.swift */ = {isa = PBXFileReference; lastKnownFileType = sourcecode.swift; path = TEAMApp.swift; sourceTree = "<group>"; };
		AE0EA89426B5C47000DFD137 /* Assets.xcassets */ = {isa = PBXFileReference; lastKnownFileType = folder.assetcatalog; path = Assets.xcassets; sourceTree = "<group>"; };
		AE0EA89726B5C47000DFD137 /* Preview Assets.xcassets */ = {isa = PBXFileReference; lastKnownFileType = folder.assetcatalog; path = "Preview Assets.xcassets"; sourceTree = "<group>"; };
		AE0EA89926B5C47000DFD137 /* Info.plist */ = {isa = PBXFileReference; lastKnownFileType = text.plist.xml; path = Info.plist; sourceTree = "<group>"; };
		AE0EA89E26B5C47000DFD137 /* TEAMTests.xctest */ = {isa = PBXFileReference; explicitFileType = wrapper.cfbundle; includeInIndex = 0; path = TEAMTests.xctest; sourceTree = BUILT_PRODUCTS_DIR; };
		AE0EA8A226B5C47000DFD137 /* TEAMTests.swift */ = {isa = PBXFileReference; lastKnownFileType = sourcecode.swift; path = TEAMTests.swift; sourceTree = "<group>"; };
		AE0EA8A426B5C47000DFD137 /* Info.plist */ = {isa = PBXFileReference; lastKnownFileType = text.plist.xml; path = Info.plist; sourceTree = "<group>"; };
		AE0EA8A926B5C47000DFD137 /* TEAMUITests.xctest */ = {isa = PBXFileReference; explicitFileType = wrapper.cfbundle; includeInIndex = 0; path = TEAMUITests.xctest; sourceTree = BUILT_PRODUCTS_DIR; };
		AE0EA8AD26B5C47000DFD137 /* TEAMUITests.swift */ = {isa = PBXFileReference; lastKnownFileType = sourcecode.swift; path = TEAMUITests.swift; sourceTree = "<group>"; };
		AE0EA8AF26B5C47000DFD137 /* Info.plist */ = {isa = PBXFileReference; lastKnownFileType = text.plist.xml; path = Info.plist; sourceTree = "<group>"; };
		AE0EA8C926B5D43100DFD137 /* AppDelegate.swift */ = {isa = PBXFileReference; lastKnownFileType = sourcecode.swift; path = AppDelegate.swift; sourceTree = "<group>"; };
		AE0EA8D126B5DF3A00DFD137 /* FlutterView.swift */ = {isa = PBXFileReference; lastKnownFileType = sourcecode.swift; path = FlutterView.swift; sourceTree = "<group>"; };
		AE8AF40C26B5F746002247FD /* FlutterEngineEnvironment.swift */ = {isa = PBXFileReference; lastKnownFileType = sourcecode.swift; path = FlutterEngineEnvironment.swift; sourceTree = "<group>"; };
		B1270722D2C431F99233805A /* Pods_TEAMTests.framework */ = {isa = PBXFileReference; explicitFileType = wrapper.framework; includeInIndex = 0; path = Pods_TEAMTests.framework; sourceTree = BUILT_PRODUCTS_DIR; };
		B770354C96A2C19E900882BC /* Pods-TEAMTests.debug.xcconfig */ = {isa = PBXFileReference; includeInIndex = 1; lastKnownFileType = text.xcconfig; name = "Pods-TEAMTests.debug.xcconfig"; path = "Target Support Files/Pods-TEAMTests/Pods-TEAMTests.debug.xcconfig"; sourceTree = "<group>"; };
/* End PBXFileReference section */

/* Begin PBXFrameworksBuildPhase section */
		AE0EA88A26B5C46D00DFD137 /* Frameworks */ = {
			isa = PBXFrameworksBuildPhase;
			buildActionMask = 2147483647;
			files = (
				1B3C10C8F3A40A7478EFEFE4 /* Pods_TEAM.framework in Frameworks */,
			);
			runOnlyForDeploymentPostprocessing = 0;
		};
		AE0EA89B26B5C47000DFD137 /* Frameworks */ = {
			isa = PBXFrameworksBuildPhase;
			buildActionMask = 2147483647;
			files = (
				B0C1E05CEE6F88B30F0366D1 /* Pods_TEAMTests.framework in Frameworks */,
			);
			runOnlyForDeploymentPostprocessing = 0;
		};
		AE0EA8A626B5C47000DFD137 /* Frameworks */ = {
			isa = PBXFrameworksBuildPhase;
			buildActionMask = 2147483647;
			files = (
				05FEFE8C439AA2F7EE6882D5 /* Pods_TEAM_TEAMUITests.framework in Frameworks */,
			);
			runOnlyForDeploymentPostprocessing = 0;
		};
/* End PBXFrameworksBuildPhase section */

/* Begin PBXGroup section */
		93BE56CDA8A4E9093BCC1545 /* Pods */ = {
			isa = PBXGroup;
			children = (
				5ABAEE04FE119C72C9E2F7E7 /* Pods-TEAM.debug.xcconfig */,
				56752A554187D21160603D82 /* Pods-TEAM.release.xcconfig */,
				9D9170BA6C92A588F024F8F5 /* Pods-TEAM-TEAMUITests.debug.xcconfig */,
				2677E25CDBC8BA027EED9AA5 /* Pods-TEAM-TEAMUITests.release.xcconfig */,
				B770354C96A2C19E900882BC /* Pods-TEAMTests.debug.xcconfig */,
				31597325E2189D7ACC125D17 /* Pods-TEAMTests.release.xcconfig */,
			);
			path = Pods;
			sourceTree = "<group>";
		};
		AE0EA88426B5C46D00DFD137 = {
			isa = PBXGroup;
			children = (
				AE0EA88F26B5C46E00DFD137 /* TEAM */,
				AE0EA8A126B5C47000DFD137 /* TEAMTests */,
				AE0EA8AC26B5C47000DFD137 /* TEAMUITests */,
				AE0EA88E26B5C46E00DFD137 /* Products */,
				93BE56CDA8A4E9093BCC1545 /* Pods */,
				D376A1045E63F63A34A8269D /* Frameworks */,
			);
			sourceTree = "<group>";
		};
		AE0EA88E26B5C46E00DFD137 /* Products */ = {
			isa = PBXGroup;
			children = (
				AE0EA88D26B5C46E00DFD137 /* TEAM.app */,
				AE0EA89E26B5C47000DFD137 /* TEAMTests.xctest */,
				AE0EA8A926B5C47000DFD137 /* TEAMUITests.xctest */,
			);
			name = Products;
			sourceTree = "<group>";
		};
		AE0EA88F26B5C46E00DFD137 /* TEAM */ = {
			isa = PBXGroup;
			children = (
				AE8AF40C26B5F746002247FD /* FlutterEngineEnvironment.swift */,
				AE0EA8C926B5D43100DFD137 /* AppDelegate.swift */,
				AE0EA89026B5C46E00DFD137 /* TEAMApp.swift */,
				AE0EA8D126B5DF3A00DFD137 /* FlutterView.swift */,
				AE0EA89426B5C47000DFD137 /* Assets.xcassets */,
				AE0EA89926B5C47000DFD137 /* Info.plist */,
				AE0EA89626B5C47000DFD137 /* Preview Content */,
			);
			path = TEAM;
			sourceTree = "<group>";
		};
		AE0EA89626B5C47000DFD137 /* Preview Content */ = {
			isa = PBXGroup;
			children = (
				AE0EA89726B5C47000DFD137 /* Preview Assets.xcassets */,
			);
			path = "Preview Content";
			sourceTree = "<group>";
		};
		AE0EA8A126B5C47000DFD137 /* TEAMTests */ = {
			isa = PBXGroup;
			children = (
				AE0EA8A226B5C47000DFD137 /* TEAMTests.swift */,
				AE0EA8A426B5C47000DFD137 /* Info.plist */,
			);
			path = TEAMTests;
			sourceTree = "<group>";
		};
		AE0EA8AC26B5C47000DFD137 /* TEAMUITests */ = {
			isa = PBXGroup;
			children = (
				AE0EA8AD26B5C47000DFD137 /* TEAMUITests.swift */,
				AE0EA8AF26B5C47000DFD137 /* Info.plist */,
			);
			path = TEAMUITests;
			sourceTree = "<group>";
		};
		D376A1045E63F63A34A8269D /* Frameworks */ = {
			isa = PBXGroup;
			children = (
				9BCB35E74D6F93444F574EF1 /* Pods_TEAM.framework */,
				35489B2E4DAA8D479DD4E094 /* Pods_TEAM_TEAMUITests.framework */,
				B1270722D2C431F99233805A /* Pods_TEAMTests.framework */,
			);
			name = Frameworks;
			sourceTree = "<group>";
		};
/* End PBXGroup section */

/* Begin PBXNativeTarget section */
		AE0EA88C26B5C46D00DFD137 /* TEAM */ = {
			isa = PBXNativeTarget;
			buildConfigurationList = AE0EA8B226B5C47000DFD137 /* Build configuration list for PBXNativeTarget "TEAM" */;
			buildPhases = (
				19A9121D99BBA762307C9277 /* [CP] Check Pods Manifest.lock */,
				5B984A61CA124F962987D9A6 /* [CP-User] Run Flutter Build evtext Script */,
				AE0EA88926B5C46D00DFD137 /* Sources */,
				AE0EA88A26B5C46D00DFD137 /* Frameworks */,
				AE0EA88B26B5C46D00DFD137 /* Resources */,
				757E6D595DA0AFD15A7E548C /* [CP] Embed Pods Frameworks */,
			);
			buildRules = (
			);
			dependencies = (
			);
			name = TEAM;
			productName = TEAM;
			productReference = AE0EA88D26B5C46E00DFD137 /* TEAM.app */;
			productType = "com.apple.product-type.application";
		};
		AE0EA89D26B5C47000DFD137 /* TEAMTests */ = {
			isa = PBXNativeTarget;
			buildConfigurationList = AE0EA8B526B5C47000DFD137 /* Build configuration list for PBXNativeTarget "TEAMTests" */;
			buildPhases = (
				988CA275F7C7060B37CCC4FA /* [CP] Check Pods Manifest.lock */,
				AE0EA89A26B5C47000DFD137 /* Sources */,
				AE0EA89B26B5C47000DFD137 /* Frameworks */,
				AE0EA89C26B5C47000DFD137 /* Resources */,
			);
			buildRules = (
			);
			dependencies = (
				AE0EA8A026B5C47000DFD137 /* PBXTargetDependency */,
			);
			name = TEAMTests;
			productName = TEAMTests;
			productReference = AE0EA89E26B5C47000DFD137 /* TEAMTests.xctest */;
			productType = "com.apple.product-type.bundle.unit-test";
		};
		AE0EA8A826B5C47000DFD137 /* TEAMUITests */ = {
			isa = PBXNativeTarget;
			buildConfigurationList = AE0EA8B826B5C47000DFD137 /* Build configuration list for PBXNativeTarget "TEAMUITests" */;
			buildPhases = (
				9FAADE6D6E0DDC87F3E3E812 /* [CP] Check Pods Manifest.lock */,
				AE0EA8A526B5C47000DFD137 /* Sources */,
				AE0EA8A626B5C47000DFD137 /* Frameworks */,
				AE0EA8A726B5C47000DFD137 /* Resources */,
				F5735F954646D0FFE7CBFDE6 /* [CP] Embed Pods Frameworks */,
			);
			buildRules = (
			);
			dependencies = (
				AE0EA8AB26B5C47000DFD137 /* PBXTargetDependency */,
			);
			name = TEAMUITests;
			productName = TEAMUITests;
			productReference = AE0EA8A926B5C47000DFD137 /* TEAMUITests.xctest */;
			productType = "com.apple.product-type.bundle.ui-testing";
		};
/* End PBXNativeTarget section */

/* Begin PBXProject section */
		AE0EA88526B5C46D00DFD137 /* Project object */ = {
			isa = PBXProject;
			attributes = {
				LastSwiftUpdateCheck = 1230;
				LastUpgradeCheck = 1230;
				TargetAttributes = {
					AE0EA88C26B5C46D00DFD137 = {
						CreatedOnToolsVersion = 12.3;
					};
					AE0EA89D26B5C47000DFD137 = {
						CreatedOnToolsVersion = 12.3;
						TestTargetID = AE0EA88C26B5C46D00DFD137;
					};
					AE0EA8A826B5C47000DFD137 = {
						CreatedOnToolsVersion = 12.3;
						TestTargetID = AE0EA88C26B5C46D00DFD137;
					};
				};
			};
			buildConfigurationList = AE0EA88826B5C46D00DFD137 /* Build configuration list for PBXProject "TEAM" */;
			compatibilityVersion = "Xcode 9.3";
			developmentRegion = en;
			hasScannedForEncodings = 0;
			knownRegions = (
				en,
				Base,
			);
			mainGroup = AE0EA88426B5C46D00DFD137;
			productRefGroup = AE0EA88E26B5C46E00DFD137 /* Products */;
			projectDirPath = "";
			projectRoot = "";
			targets = (
				AE0EA88C26B5C46D00DFD137 /* TEAM */,
				AE0EA89D26B5C47000DFD137 /* TEAMTests */,
				AE0EA8A826B5C47000DFD137 /* TEAMUITests */,
			);
		};
/* End PBXProject section */

/* Begin PBXResourcesBuildPhase section */
		AE0EA88B26B5C46D00DFD137 /* Resources */ = {
			isa = PBXResourcesBuildPhase;
			buildActionMask = 2147483647;
			files = (
				AE0EA89826B5C47000DFD137 /* Preview Assets.xcassets in Resources */,
				AE0EA89526B5C47000DFD137 /* Assets.xcassets in Resources */,
			);
			runOnlyForDeploymentPostprocessing = 0;
		};
		AE0EA89C26B5C47000DFD137 /* Resources */ = {
			isa = PBXResourcesBuildPhase;
			buildActionMask = 2147483647;
			files = (
			);
			runOnlyForDeploymentPostprocessing = 0;
		};
		AE0EA8A726B5C47000DFD137 /* Resources */ = {
			isa = PBXResourcesBuildPhase;
			buildActionMask = 2147483647;
			files = (
			);
			runOnlyForDeploymentPostprocessing = 0;
		};
/* End PBXResourcesBuildPhase section */

/* Begin PBXShellScriptBuildPhase section */
		19A9121D99BBA762307C9277 /* [CP] Check Pods Manifest.lock */ = {
			isa = PBXShellScriptBuildPhase;
			buildActionMask = 2147483647;
			files = (
			);
			inputFileListPaths = (
			);
			inputPaths = (
				"${PODS_PODFILE_DIR_PATH}/Podfile.lock",
				"${PODS_ROOT}/Manifest.lock",
			);
			name = "[CP] Check Pods Manifest.lock";
			outputFileListPaths = (
			);
			outputPaths = (
				"$(DERIVED_FILE_DIR)/Pods-TEAM-checkManifestLockResult.txt",
			);
			runOnlyForDeploymentPostprocessing = 0;
			shellPath = /bin/sh;
			shellScript = "diff \"${PODS_PODFILE_DIR_PATH}/Podfile.lock\" \"${PODS_ROOT}/Manifest.lock\" > /dev/null\nif [ $? != 0 ] ; then\n    # print error to STDERR\n    echo \"error: The sandbox is not in sync with the Podfile.lock. Run 'pod install' or update your CocoaPods installation.\" >&2\n    exit 1\nfi\n# This output is used by Xcode 'outputs' to avoid re-running this script phase.\necho \"SUCCESS\" > \"${SCRIPT_OUTPUT_FILE_0}\"\n";
			showEnvVarsInLog = 0;
		};
		5B984A61CA124F962987D9A6 /* [CP-User] Run Flutter Build evtext Script */ = {
			isa = PBXShellScriptBuildPhase;
			buildActionMask = 2147483647;
			files = (
			);
			name = "[CP-User] Run Flutter Build evtext Script";
			runOnlyForDeploymentPostprocessing = 0;
			shellPath = /bin/sh;
			shellScript = "set -e\nset -u\nsource \"${SRCROOT}/../TEAM/.ios/Flutter/flutter_export_environment.sh\"\nexport VERBOSE_SCRIPT_LOGGING=1 && \"$FLUTTER_ROOT\"/packages/flutter_tools/bin/xcode_backend.sh build";
		};
		757E6D595DA0AFD15A7E548C /* [CP] Embed Pods Frameworks */ = {
			isa = PBXShellScriptBuildPhase;
			buildActionMask = 2147483647;
			files = (
			);
			inputFileListPaths = (
				"${PODS_ROOT}/Target Support Files/Pods-TEAM/Pods-TEAM-frameworks-${CONFIGURATION}-input-files.xcfilelist",
			);
			name = "[CP] Embed Pods Frameworks";
			outputFileListPaths = (
				"${PODS_ROOT}/Target Support Files/Pods-TEAM/Pods-TEAM-frameworks-${CONFIGURATION}-output-files.xcfilelist",
			);
			runOnlyForDeploymentPostprocessing = 0;
			shellPath = /bin/sh;
			shellScript = "\"${PODS_ROOT}/Target Support Files/Pods-TEAM/Pods-TEAM-frameworks.sh\"\n";
			showEnvVarsInLog = 0;
		};
		988CA275F7C7060B37CCC4FA /* [CP] Check Pods Manifest.lock */ = {
			isa = PBXShellScriptBuildPhase;
			buildActionMask = 2147483647;
			files = (
			);
			inputFileListPaths = (
			);
			inputPaths = (
				"${PODS_PODFILE_DIR_PATH}/Podfile.lock",
				"${PODS_ROOT}/Manifest.lock",
			);
			name = "[CP] Check Pods Manifest.lock";
			outputFileListPaths = (
			);
			outputPaths = (
				"$(DERIVED_FILE_DIR)/Pods-TEAMTests-checkManifestLockResult.txt",
			);
			runOnlyForDeploymentPostprocessing = 0;
			shellPath = /bin/sh;
			shellScript = "diff \"${PODS_PODFILE_DIR_PATH}/Podfile.lock\" \"${PODS_ROOT}/Manifest.lock\" > /dev/null\nif [ $? != 0 ] ; then\n    # print error to STDERR\n    echo \"error: The sandbox is not in sync with the Podfile.lock. Run 'pod install' or update your CocoaPods installation.\" >&2\n    exit 1\nfi\n# This output is used by Xcode 'outputs' to avoid re-running this script phase.\necho \"SUCCESS\" > \"${SCRIPT_OUTPUT_FILE_0}\"\n";
			showEnvVarsInLog = 0;
		};
		9FAADE6D6E0DDC87F3E3E812 /* [CP] Check Pods Manifest.lock */ = {
			isa = PBXShellScriptBuildPhase;
			buildActionMask = 2147483647;
			files = (
			);
			inputFileListPaths = (
			);
			inputPaths = (
				"${PODS_PODFILE_DIR_PATH}/Podfile.lock",
				"${PODS_ROOT}/Manifest.lock",
			);
			name = "[CP] Check Pods Manifest.lock";
			outputFileListPaths = (
			);
			outputPaths = (
				"$(DERIVED_FILE_DIR)/Pods-TEAM-TEAMUITests-checkManifestLockResult.txt",
			);
			runOnlyForDeploymentPostprocessing = 0;
			shellPath = /bin/sh;
			shellScript = "diff \"${PODS_PODFILE_DIR_PATH}/Podfile.lock\" \"${PODS_ROOT}/Manifest.lock\" > /dev/null\nif [ $? != 0 ] ; then\n    # print error to STDERR\n    echo \"error: The sandbox is not in sync with the Podfile.lock. Run 'pod install' or update your CocoaPods installation.\" >&2\n    exit 1\nfi\n# This output is used by Xcode 'outputs' to avoid re-running this script phase.\necho \"SUCCESS\" > \"${SCRIPT_OUTPUT_FILE_0}\"\n";
			showEnvVarsInLog = 0;
		};
		F5735F954646D0FFE7CBFDE6 /* [CP] Embed Pods Frameworks */ = {
			isa = PBXShellScriptBuildPhase;
			buildActionMask = 2147483647;
			files = (
			);
			inputFileListPaths = (
				"${PODS_ROOT}/Target Support Files/Pods-TEAM-TEAMUITests/Pods-TEAM-TEAMUITests-frameworks-${CONFIGURATION}-input-files.xcfilelist",
			);
			name = "[CP] Embed Pods Frameworks";
			outputFileListPaths = (
				"${PODS_ROOT}/Target Support Files/Pods-TEAM-TEAMUITests/Pods-TEAM-TEAMUITests-frameworks-${CONFIGURATION}-output-files.xcfilelist",
			);
			runOnlyForDeploymentPostprocessing = 0;
			shellPath = /bin/sh;
			shellScript = "\"${PODS_ROOT}/Target Support Files/Pods-TEAM-TEAMUITests/Pods-TEAM-TEAMUITests-frameworks.sh\"\n";
			showEnvVarsInLog = 0;
		};
/* End PBXShellScriptBuildPhase section */

/* Begin PBXSourcesBuildPhase section */
		AE0EA88926B5C46D00DFD137 /* Sources */ = {
			isa = PBXSourcesBuildPhase;
			buildActionMask = 2147483647;
			files = (
				AE0EA8D226B5DF3A00DFD137 /* FlutterView.swift in Sources */,
				AE0EA8CA26B5D43100DFD137 /* AppDelegate.swift in Sources */,
				AE8AF40D26B5F746002247FD /* FlutterEngineEnvironment.swift in Sources */,
				AE0EA89126B5C46E00DFD137 /* TEAMApp.swift in Sources */,
			);
			runOnlyForDeploymentPostprocessing = 0;
		};
		AE0EA89A26B5C47000DFD137 /* Sources */ = {
			isa = PBXSourcesBuildPhase;
			buildActionMask = 2147483647;
			files = (
				AE0EA8A326B5C47000DFD137 /* TEAMTests.swift in Sources */,
			);
			runOnlyForDeploymentPostprocessing = 0;
		};
		AE0EA8A526B5C47000DFD137 /* Sources */ = {
			isa = PBXSourcesBuildPhase;
			buildActionMask = 2147483647;
			files = (
				AE0EA8AE26B5C47000DFD137 /* TEAMUITests.swift in Sources */,
			);
			runOnlyForDeploymentPostprocessing = 0;
		};
/* End PBXSourcesBuildPhase section */

/* Begin PBXTargetDependency section */
		AE0EA8A026B5C47000DFD137 /* PBXTargetDependency */ = {
			isa = PBXTargetDependency;
			target = AE0EA88C26B5C46D00DFD137 /* TEAM */;
			targetProxy = AE0EA89F26B5C47000DFD137 /* PBXContainerItemProxy */;
		};
		AE0EA8AB26B5C47000DFD137 /* PBXTargetDependency */ = {
			isa = PBXTargetDependency;
			target = AE0EA88C26B5C46D00DFD137 /* TEAM */;
			targetProxy = AE0EA8AA26B5C47000DFD137 /* PBXContainerItemProxy */;
		};
/* End PBXTargetDependency section */

/* Begin XCBuildConfiguration section */
		AE0EA8B026B5C47000DFD137 /* Debug */ = {
			isa = XCBuildConfiguration;
			buildSettings = {
				ALWAYS_SEARCH_USER_PATHS = NO;
				CLANG_ANALYZER_NONNULL = YES;
				CLANG_ANALYZER_NUMBER_OBJECT_CONVERSION = YES_AGGRESSIVE;
				CLANG_CXX_LANGUAGE_STANDARD = "gnu++14";
				CLANG_CXX_LIBRARY = "libc++";
				CLANG_ENABLE_MODULES = YES;
				CLANG_ENABLE_OBJC_ARC = YES;
				CLANG_ENABLE_OBJC_WEAK = YES;
				CLANG_WARN_BLOCK_CAPTURE_AUTORELEASING = YES;
				CLANG_WARN_BOOL_CONVERSION = YES;
				CLANG_WARN_COMMA = YES;
				CLANG_WARN_CONSTANT_CONVERSION = YES;
				CLANG_WARN_DEPRECATED_OBJC_IMPLEMENTATIONS = YES;
				CLANG_WARN_DIRECT_OBJC_ISA_USAGE = YES_ERROR;
				CLANG_WARN_DOCUMENTATION_COMMENTS = YES;
				CLANG_WARN_EMPTY_BODY = YES;
				CLANG_WARN_ENUM_CONVERSION = YES;
				CLANG_WARN_INFINITE_RECURSION = YES;
				CLANG_WARN_INT_CONVERSION = YES;
				CLANG_WARN_NON_LITERAL_NULL_CONVERSION = YES;
				CLANG_WARN_OBJC_IMPLICIT_RETAIN_SELF = YES;
				CLANG_WARN_OBJC_LITERAL_CONVERSION = YES;
				CLANG_WARN_OBJC_ROOT_CLASS = YES_ERROR;
				CLANG_WARN_QUOTED_INCLUDE_IN_FRAMEWORK_HEADER = YES;
				CLANG_WARN_RANGE_LOOP_ANALYSIS = YES;
				CLANG_WARN_STRICT_PROTOTYPES = YES;
				CLANG_WARN_SUSPICIOUS_MOVE = YES;
				CLANG_WARN_UNGUARDED_AVAILABILITY = YES_AGGRESSIVE;
				CLANG_WARN_UNREACHABLE_CODE = YES;
				CLANG_WARN__DUPLICATE_METHOD_MATCH = YES;
				COPY_PHASE_STRIP = NO;
				DEBUG_INFORMATION_FORMAT = dwarf;
				ENABLE_STRICT_OBJC_MSGSEND = YES;
				ENABLE_TESTABILITY = YES;
				GCC_C_LANGUAGE_STANDARD = gnu11;
				GCC_DYNAMIC_NO_PIC = NO;
				GCC_NO_COMMON_BLOCKS = YES;
				GCC_OPTIMIZATION_LEVEL = 0;
				GCC_PREPROCESSOR_DEFINITIONS = (
					"DEBUG=1",
					"$(inherited)",
				);
				GCC_WARN_64_TO_32_BIT_CONVERSION = YES;
				GCC_WARN_ABOUT_RETURN_TYPE = YES_ERROR;
				GCC_WARN_UNDECLARED_SELECTOR = YES;
				GCC_WARN_UNINITIALIZED_AUTOS = YES_AGGRESSIVE;
				GCC_WARN_UNUSED_FUNCTION = YES;
				GCC_WARN_UNUSED_VARIABLE = YES;
				IPHONEOS_DEPLOYMENT_TARGET = 14.3;
				MTL_ENABLE_DEBUG_INFO = INCLUDE_SOURCE;
				MTL_FAST_MATH = YES;
				ONLY_ACTIVE_ARCH = YES;
				SDKROOT = iphoneos;
				SWIFT_ACTIVE_COMPILATION_CONDITIONS = DEBUG;
				SWIFT_OPTIMIZATION_LEVEL = "-Onone";
			};
			name = Debug;
		};
		AE0EA8B126B5C47000DFD137 /* Release */ = {
			isa = XCBuildConfiguration;
			buildSettings = {
				ALWAYS_SEARCH_USER_PATHS = NO;
				CLANG_ANALYZER_NONNULL = YES;
				CLANG_ANALYZER_NUMBER_OBJECT_CONVERSION = YES_AGGRESSIVE;
				CLANG_CXX_LANGUAGE_STANDARD = "gnu++14";
				CLANG_CXX_LIBRARY = "libc++";
				CLANG_ENABLE_MODULES = YES;
				CLANG_ENABLE_OBJC_ARC = YES;
				CLANG_ENABLE_OBJC_WEAK = YES;
				CLANG_WARN_BLOCK_CAPTURE_AUTORELEASING = YES;
				CLANG_WARN_BOOL_CONVERSION = YES;
				CLANG_WARN_COMMA = YES;
				CLANG_WARN_CONSTANT_CONVERSION = YES;
				CLANG_WARN_DEPRECATED_OBJC_IMPLEMENTATIONS = YES;
				CLANG_WARN_DIRECT_OBJC_ISA_USAGE = YES_ERROR;
				CLANG_WARN_DOCUMENTATION_COMMENTS = YES;
				CLANG_WARN_EMPTY_BODY = YES;
				CLANG_WARN_ENUM_CONVERSION = YES;
				CLANG_WARN_INFINITE_RECURSION = YES;
				CLANG_WARN_INT_CONVERSION = YES;
				CLANG_WARN_NON_LITERAL_NULL_CONVERSION = YES;
				CLANG_WARN_OBJC_IMPLICIT_RETAIN_SELF = YES;
				CLANG_WARN_OBJC_LITERAL_CONVERSION = YES;
				CLANG_WARN_OBJC_ROOT_CLASS = YES_ERROR;
				CLANG_WARN_QUOTED_INCLUDE_IN_FRAMEWORK_HEADER = YES;
				CLANG_WARN_RANGE_LOOP_ANALYSIS = YES;
				CLANG_WARN_STRICT_PROTOTYPES = YES;
				CLANG_WARN_SUSPICIOUS_MOVE = YES;
				CLANG_WARN_UNGUARDED_AVAILABILITY = YES_AGGRESSIVE;
				CLANG_WARN_UNREACHABLE_CODE = YES;
				CLANG_WARN__DUPLICATE_METHOD_MATCH = YES;
				COPY_PHASE_STRIP = NO;
				DEBUG_INFORMATION_FORMAT = "dwarf-with-dsym";
				ENABLE_NS_ASSERTIONS = NO;
				ENABLE_STRICT_OBJC_MSGSEND = YES;
				GCC_C_LANGUAGE_STANDARD = gnu11;
				GCC_NO_COMMON_BLOCKS = YES;
				GCC_WARN_64_TO_32_BIT_CONVERSION = YES;
				GCC_WARN_ABOUT_RETURN_TYPE = YES_ERROR;
				GCC_WARN_UNDECLARED_SELECTOR = YES;
				GCC_WARN_UNINITIALIZED_AUTOS = YES_AGGRESSIVE;
				GCC_WARN_UNUSED_FUNCTION = YES;
				GCC_WARN_UNUSED_VARIABLE = YES;
				IPHONEOS_DEPLOYMENT_TARGET = 14.3;
				MTL_ENABLE_DEBUG_INFO = NO;
				MTL_FAST_MATH = YES;
				SDKROOT = iphoneos;
				SWIFT_COMPILATION_MODE = wholemodule;
				SWIFT_OPTIMIZATION_LEVEL = "-O";
				VALIDATE_PRODUCT = YES;
			};
			name = Release;
		};
		AE0EA8B326B5C47000DFD137 /* Debug */ = {
			isa = XCBuildConfiguration;
			baseConfigurationReference = 5ABAEE04FE119C72C9E2F7E7 /* Pods-TEAM.debug.xcconfig */;
			buildSettings = {
				ASSETCATALOG_COMPILER_APPICON_NAME = AppIcon;
				ASSETCATALOG_COMPILER_GLOBAL_ACCENT_COLOR_NAME = AccentColor;
				CODE_SIGN_STYLE = Automatic;
				DEVELOPMENT_ASSET_PATHS = "\"TEAM/Preview Content\"";
				DEVELOPMENT_TEAM = X4L3JSUC6J;
				ENABLE_PREVIEWS = YES;
				"EXCLUDED_ARCHS[sdk=iphonesimulator*]" = arm64;
				INFOPLIST_FILE = TEAM/Info.plist;
				IPHONEOS_DEPLOYMENT_TARGET = 14.0;
				LD_RUNPATH_SEARCH_PATHS = (
					"$(inherited)",
					"@executable_path/Frameworks",
				);
				PRODUCT_BUNDLE_IDENTIFIER = net.adamcin.TEAM;
				PRODUCT_NAME = "$(TARGET_NAME)";
				SWIFT_VERSION = 5.0;
				TARGETED_DEVICE_FAMILY = "1,2";
			};
			name = Debug;
		};
		AE0EA8B426B5C47000DFD137 /* Release */ = {
			isa = XCBuildConfiguration;
			baseConfigurationReference = 56752A554187D21160603D82 /* Pods-TEAM.release.xcconfig */;
			buildSettings = {
				ASSETCATALOG_COMPILER_APPICON_NAME = AppIcon;
				ASSETCATALOG_COMPILER_GLOBAL_ACCENT_COLOR_NAME = AccentColor;
				CODE_SIGN_STYLE = Automatic;
				DEVELOPMENT_ASSET_PATHS = "\"TEAM/Preview Content\"";
				DEVELOPMENT_TEAM = X4L3JSUC6J;
				ENABLE_PREVIEWS = YES;
				"EXCLUDED_ARCHS[sdk=iphonesimulator*]" = arm64;
				INFOPLIST_FILE = TEAM/Info.plist;
				IPHONEOS_DEPLOYMENT_TARGET = 14.0;
				LD_RUNPATH_SEARCH_PATHS = (
					"$(inherited)",
					"@executable_path/Frameworks",
				);
				PRODUCT_BUNDLE_IDENTIFIER = net.adamcin.TEAM;
				PRODUCT_NAME = "$(TARGET_NAME)";
				SWIFT_VERSION = 5.0;
				TARGETED_DEVICE_FAMILY = "1,2";
			};
			name = Release;
		};
		AE0EA8B626B5C47000DFD137 /* Debug */ = {
			isa = XCBuildConfiguration;
			baseConfigurationReference = B770354C96A2C19E900882BC /* Pods-TEAMTests.debug.xcconfig */;
			buildSettings = {
				ALWAYS_EMBED_SWIFT_STANDARD_LIBRARIES = YES;
				BUNDLE_LOADER = "$(TEST_HOST)";
				CODE_SIGN_STYLE = Automatic;
				DEVELOPMENT_TEAM = X4L3JSUC6J;
				INFOPLIST_FILE = TEAMTests/Info.plist;
				IPHONEOS_DEPLOYMENT_TARGET = 14.0;
				LD_RUNPATH_SEARCH_PATHS = (
					"$(inherited)",
					"@executable_path/Frameworks",
					"@loader_path/Frameworks",
				);
				PRODUCT_BUNDLE_IDENTIFIER = net.adamcin.TEAMTests;
				PRODUCT_NAME = "$(TARGET_NAME)";
				SWIFT_VERSION = 5.0;
				TARGETED_DEVICE_FAMILY = "1,2";
				TEST_HOST = "$(BUILT_PRODUCTS_DIR)/TEAM.app/TEAM";
			};
			name = Debug;
		};
		AE0EA8B726B5C47000DFD137 /* Release */ = {
			isa = XCBuildConfiguration;
			baseConfigurationReference = 31597325E2189D7ACC125D17 /* Pods-TEAMTests.release.xcconfig */;
			buildSettings = {
				ALWAYS_EMBED_SWIFT_STANDARD_LIBRARIES = YES;
				BUNDLE_LOADER = "$(TEST_HOST)";
				CODE_SIGN_STYLE = Automatic;
				DEVELOPMENT_TEAM = X4L3JSUC6J;
				INFOPLIST_FILE = TEAMTests/Info.plist;
				IPHONEOS_DEPLOYMENT_TARGET = 14.0;
				LD_RUNPATH_SEARCH_PATHS = (
					"$(inherited)",
					"@executable_path/Frameworks",
					"@loader_path/Frameworks",
				);
				PRODUCT_BUNDLE_IDENTIFIER = net.adamcin.TEAMTests;
				PRODUCT_NAME = "$(TARGET_NAME)";
				SWIFT_VERSION = 5.0;
				TARGETED_DEVICE_FAMILY = "1,2";
				TEST_HOST = "$(BUILT_PRODUCTS_DIR)/TEAM.app/TEAM";
			};
			name = Release;
		};
		AE0EA8B926B5C47000DFD137 /* Debug */ = {
			isa = XCBuildConfiguration;
			baseConfigurationReference = 9D9170BA6C92A588F024F8F5 /* Pods-TEAM-TEAMUITests.debug.xcconfig */;
			buildSettings = {
				ALWAYS_EMBED_SWIFT_STANDARD_LIBRARIES = YES;
				CODE_SIGN_STYLE = Automatic;
				DEVELOPMENT_TEAM = X4L3JSUC6J;
				INFOPLIST_FILE = TEAMUITests/Info.plist;
				LD_RUNPATH_SEARCH_PATHS = (
					"$(inherited)",
					"@executable_path/Frameworks",
					"@loader_path/Frameworks",
				);
				PRODUCT_BUNDLE_IDENTIFIER = net.adamcin.TEAMUITests;
				PRODUCT_NAME = "$(TARGET_NAME)";
				SWIFT_VERSION = 5.0;
				TARGETED_DEVICE_FAMILY = "1,2";
				TEST_TARGET_NAME = TEAM;
			};
			name = Debug;
		};
		AE0EA8BA26B5C47000DFD137 /* Release */ = {
			isa = XCBuildConfiguration;
			baseConfigurationReference = 2677E25CDBC8BA027EED9AA5 /* Pods-TEAM-TEAMUITests.release.xcconfig */;
			buildSettings = {
				ALWAYS_EMBED_SWIFT_STANDARD_LIBRARIES = YES;
				CODE_SIGN_STYLE = Automatic;
				DEVELOPMENT_TEAM = X4L3JSUC6J;
				INFOPLIST_FILE = TEAMUITests/Info.plist;
				LD_RUNPATH_SEARCH_PATHS = (
					"$(inherited)",
					"@executable_path/Frameworks",
					"@loader_path/Frameworks",
				);
				PRODUCT_BUNDLE_IDENTIFIER = net.adamcin.TEAMUITests;
				PRODUCT_NAME = "$(TARGET_NAME)";
				SWIFT_VERSION = 5.0;
				TARGETED_DEVICE_FAMILY = "1,2";
				TEST_TARGET_NAME = TEAM;
			};
			name = Release;
		};
/* End XCBuildConfiguration section */

/* Begin XCConfigurationList section */
		AE0EA88826B5C46D00DFD137 /* Build configuration list for PBXProject "TEAM" */ = {
			isa = XCConfigurationList;
			buildConfigurations = (
				AE0EA8B026B5C47000DFD137 /* Debug */,
				AE0EA8B126B5C47000DFD137 /* Release */,
			);
			defaultConfigurationIsVisible = 0;
			defaultConfigurationName = Release;
		};
		AE0EA8B226B5C47000DFD137 /* Build configuration list for PBXNativeTarget "TEAM" */ = {
			isa = XCConfigurationList;
			buildConfigurations = (
				AE0EA8B326B5C47000DFD137 /* Debug */,
				AE0EA8B426B5C47000DFD137 /* Release */,
			);
			defaultConfigurationIsVisible = 0;
			defaultConfigurationName = Release;
		};
		AE0EA8B526B5C47000DFD137 /* Build configuration list for PBXNativeTarget "TEAMTests" */ = {
			isa = XCConfigurationList;
			buildConfigurations = (
				AE0EA8B626B5C47000DFD137 /* Debug */,
				AE0EA8B726B5C47000DFD137 /* Release */,
			);
			defaultConfigurationIsVisible = 0;
			defaultConfigurationName = Release;
		};
		AE0EA8B826B5C47000DFD137 /* Build configuration list for PBXNativeTarget "TEAMUITests" */ = {
			isa = XCConfigurationList;
			buildConfigurations = (
				AE0EA8B926B5C47000DFD137 /* Debug */,
				AE0EA8BA26B5C47000DFD137 /* Release */,
			);
			defaultConfigurationIsVisible = 0;
			defaultConfigurationName = Release;
		};
/* End XCConfigurationList section */
	};
	rootObject = AE0EA88526B5C46D00DFD137 /* Project object */;
}
